// !$*UTF8*$!
{
	archiveVersion = 1;
	classes = {
	};
	objectVersion = 56;
	objects = {

/* Begin PBXBuildFile section */
		CC81055629D5A3B00026FC57 /* shared.udl in Sources */ = {isa = PBXBuildFile; fileRef = CC81055529D5A3B00026FC57 /* shared.udl */; };
		CC81057029D5A5460026FC57 /* libshared_static.a in Frameworks */ = {isa = PBXBuildFile; fileRef = CC81056A29D5A5370026FC57 /* libshared_static.a */; };
		CC81057429D5A5840026FC57 /* shared_types.swift in Sources */ = {isa = PBXBuildFile; fileRef = CC81057329D5A5840026FC57 /* shared_types.swift */; };
		CC81057729D5A6100026FC57 /* Serde in Frameworks */ = {isa = PBXBuildFile; productRef = CC81057629D5A6100026FC57 /* Serde */; };
		CCC4BE2329D5A28400F3E6BA /* NotesApp.swift in Sources */ = {isa = PBXBuildFile; fileRef = CCC4BE2229D5A28400F3E6BA /* NotesApp.swift */; };
		CCC4BE2529D5A28400F3E6BA /* ContentView.swift in Sources */ = {isa = PBXBuildFile; fileRef = CCC4BE2429D5A28400F3E6BA /* ContentView.swift */; };
		CCC4BE2729D5A28500F3E6BA /* Assets.xcassets in Resources */ = {isa = PBXBuildFile; fileRef = CCC4BE2629D5A28500F3E6BA /* Assets.xcassets */; };
		CCC4BE2A29D5A28500F3E6BA /* Preview Assets.xcassets in Resources */ = {isa = PBXBuildFile; fileRef = CCC4BE2929D5A28500F3E6BA /* Preview Assets.xcassets */; };
/* End PBXBuildFile section */

/* Begin PBXBuildRule section */
		CC81055429D5A3780026FC57 /* PBXBuildRule */ = {
			isa = PBXBuildRule;
			compilerSpec = com.apple.compilers.proxy.script;
			filePatterns = "*.udl";
			fileType = pattern.proxy;
			inputFiles = (
			);
			isEditable = 1;
			outputFiles = (
				"$(PROJECT_DIR)/generated/$(INPUT_FILE_BASE).swift",
				"$(PROJECT_DIR)/generated/$(INPUT_FILE_BASE)FFI.h",
			);
			runOncePerArchitecture = 0;
			script = "# Skip during indexing phase in XCode 13+\nif [ $ACTION == \"indexbuild\" ]; then\n   echo \"Not building *.udl files during indexing.\"\n   exit 0\nfi\n\n# Skip for preview builds\nif [ \"${ENABLE_PREVIEWS}\" = \"YES\" ]; then\n   echo \"Not building *.udl files during preview builds.\"\n   exit 0\nfi\n\n# note, for now, run a cargo build manually to ensure the binary exists for this step\ncd \"$INPUT_FILE_DIR\"/.. && \"$PROJECT_DIR/../target/debug/uniffi-bindgen\" generate src/\"$INPUT_FILE_NAME\" --language swift --out-dir \"$PROJECT_DIR/generated\"\n";
		};
/* End PBXBuildRule section */

/* Begin PBXContainerItemProxy section */
		CC81056929D5A5370026FC57 /* PBXContainerItemProxy */ = {
			isa = PBXContainerItemProxy;
			containerPortal = CC81056329D5A5370026FC57 /* shared.xcodeproj */;
			proxyType = 2;
			remoteGlobalIDString = CA60CB052880FB09138082B7;
			remoteInfo = "shared-staticlib";
		};
		CC81056B29D5A5370026FC57 /* PBXContainerItemProxy */ = {
			isa = PBXContainerItemProxy;
			containerPortal = CC81056329D5A5370026FC57 /* shared.xcodeproj */;
			proxyType = 2;
			remoteGlobalIDString = CA602C9F76CC10F7F7FCAC5B;
			remoteInfo = "shared-cdylib";
		};
		CC81056D29D5A5370026FC57 /* PBXContainerItemProxy */ = {
			isa = PBXContainerItemProxy;
			containerPortal = CC81056329D5A5370026FC57 /* shared.xcodeproj */;
			proxyType = 2;
			remoteGlobalIDString = CA6091720E328109328FB0D5;
			remoteInfo = "uniffi-bindgen-bin";
		};
/* End PBXContainerItemProxy section */

/* Begin PBXFileReference section */
		CC81055529D5A3B00026FC57 /* shared.udl */ = {isa = PBXFileReference; lastKnownFileType = text; name = shared.udl; path = ../shared/src/shared.udl; sourceTree = "<group>"; };
		CC81056329D5A5370026FC57 /* shared.xcodeproj */ = {isa = PBXFileReference; lastKnownFileType = "wrapper.pb-project"; name = shared.xcodeproj; path = ../shared/shared.xcodeproj; sourceTree = "<group>"; };
		CC81057329D5A5840026FC57 /* shared_types.swift */ = {isa = PBXFileReference; fileEncoding = 4; lastKnownFileType = sourcecode.swift; name = shared_types.swift; path = ../shared_types/generated/swift/shared_types.swift; sourceTree = "<group>"; };
		CCC4BE1F29D5A28400F3E6BA /* Notes.app */ = {isa = PBXFileReference; explicitFileType = wrapper.application; includeInIndex = 0; path = Notes.app; sourceTree = BUILT_PRODUCTS_DIR; };
		CCC4BE2229D5A28400F3E6BA /* NotesApp.swift */ = {isa = PBXFileReference; lastKnownFileType = sourcecode.swift; path = NotesApp.swift; sourceTree = "<group>"; };
		CCC4BE2429D5A28400F3E6BA /* ContentView.swift */ = {isa = PBXFileReference; lastKnownFileType = sourcecode.swift; path = ContentView.swift; sourceTree = "<group>"; };
		CCC4BE2629D5A28500F3E6BA /* Assets.xcassets */ = {isa = PBXFileReference; lastKnownFileType = folder.assetcatalog; path = Assets.xcassets; sourceTree = "<group>"; };
		CCC4BE2929D5A28500F3E6BA /* Preview Assets.xcassets */ = {isa = PBXFileReference; lastKnownFileType = folder.assetcatalog; path = "Preview Assets.xcassets"; sourceTree = "<group>"; };
/* End PBXFileReference section */

/* Begin PBXFrameworksBuildPhase section */
		CCC4BE1C29D5A28400F3E6BA /* Frameworks */ = {
			isa = PBXFrameworksBuildPhase;
			buildActionMask = 2147483647;
			files = (
				CC81057729D5A6100026FC57 /* Serde in Frameworks */,
				CC81057029D5A5460026FC57 /* libshared_static.a in Frameworks */,
			);
			runOnlyForDeploymentPostprocessing = 0;
		};
/* End PBXFrameworksBuildPhase section */

/* Begin PBXGroup section */
		CC81056429D5A5370026FC57 /* Products */ = {
			isa = PBXGroup;
			children = (
				CC81056A29D5A5370026FC57 /* libshared_static.a */,
				CC81056C29D5A5370026FC57 /* shared.dylib */,
				CC81056E29D5A5370026FC57 /* uniffi-bindgen */,
			);
			name = Products;
			sourceTree = "<group>";
		};
		CC81056F29D5A5460026FC57 /* Frameworks */ = {
			isa = PBXGroup;
			children = (
			);
			name = Frameworks;
			sourceTree = "<group>";
		};
		CCC4BE1629D5A28400F3E6BA = {
			isa = PBXGroup;
			children = (
				CC81057329D5A5840026FC57 /* shared_types.swift */,
				CC81056329D5A5370026FC57 /* shared.xcodeproj */,
				CC81055529D5A3B00026FC57 /* shared.udl */,
				CCC4BE2129D5A28400F3E6BA /* Notes */,
				CCC4BE2029D5A28400F3E6BA /* Products */,
				CC81056F29D5A5460026FC57 /* Frameworks */,
			);
			sourceTree = "<group>";
		};
		CCC4BE2029D5A28400F3E6BA /* Products */ = {
			isa = PBXGroup;
			children = (
				CCC4BE1F29D5A28400F3E6BA /* Notes.app */,
			);
			name = Products;
			sourceTree = "<group>";
		};
		CCC4BE2129D5A28400F3E6BA /* Notes */ = {
			isa = PBXGroup;
			children = (
				CCC4BE2229D5A28400F3E6BA /* NotesApp.swift */,
				CCC4BE2429D5A28400F3E6BA /* ContentView.swift */,
				CCC4BE2629D5A28500F3E6BA /* Assets.xcassets */,
				CCC4BE2829D5A28500F3E6BA /* Preview Content */,
			);
			path = Notes;
			sourceTree = "<group>";
		};
		CCC4BE2829D5A28500F3E6BA /* Preview Content */ = {
			isa = PBXGroup;
			children = (
				CCC4BE2929D5A28500F3E6BA /* Preview Assets.xcassets */,
			);
			path = "Preview Content";
			sourceTree = "<group>";
		};
/* End PBXGroup section */

/* Begin PBXNativeTarget section */
		CCC4BE1E29D5A28400F3E6BA /* Notes */ = {
			isa = PBXNativeTarget;
			buildConfigurationList = CCC4BE2D29D5A28500F3E6BA /* Build configuration list for PBXNativeTarget "Notes" */;
			buildPhases = (
				CCC4BE1B29D5A28400F3E6BA /* Sources */,
				CCC4BE1C29D5A28400F3E6BA /* Frameworks */,
				CCC4BE1D29D5A28400F3E6BA /* Resources */,
			);
			buildRules = (
				CC81055429D5A3780026FC57 /* PBXBuildRule */,
			);
			dependencies = (
			);
			name = Notes;
			packageProductDependencies = (
				CC81057629D5A6100026FC57 /* Serde */,
			);
			productName = Notes;
			productReference = CCC4BE1F29D5A28400F3E6BA /* Notes.app */;
			productType = "com.apple.product-type.application";
		};
/* End PBXNativeTarget section */

/* Begin PBXProject section */
		CCC4BE1729D5A28400F3E6BA /* Project object */ = {
			isa = PBXProject;
			attributes = {
				BuildIndependentTargetsInParallel = 1;
				LastSwiftUpdateCheck = 1420;
				LastUpgradeCheck = 1420;
				TargetAttributes = {
					CCC4BE1E29D5A28400F3E6BA = {
						CreatedOnToolsVersion = 14.2;
					};
				};
			};
			buildConfigurationList = CCC4BE1A29D5A28400F3E6BA /* Build configuration list for PBXProject "Notes" */;
			compatibilityVersion = "Xcode 14.0";
			developmentRegion = en;
			hasScannedForEncodings = 0;
			knownRegions = (
				en,
				Base,
			);
			mainGroup = CCC4BE1629D5A28400F3E6BA;
			packageReferences = (
				CC81057529D5A6100026FC57 /* XCRemoteSwiftPackageReference "Serde" */,
			);
			productRefGroup = CCC4BE2029D5A28400F3E6BA /* Products */;
			projectDirPath = "";
			projectReferences = (
				{
					ProductGroup = CC81056429D5A5370026FC57 /* Products */;
					ProjectRef = CC81056329D5A5370026FC57 /* shared.xcodeproj */;
				},
			);
			projectRoot = "";
			targets = (
				CCC4BE1E29D5A28400F3E6BA /* Notes */,
			);
		};
/* End PBXProject section */

/* Begin PBXReferenceProxy section */
		CC81056A29D5A5370026FC57 /* libshared_static.a */ = {
			isa = PBXReferenceProxy;
			fileType = archive.ar;
			path = libshared_static.a;
			remoteRef = CC81056929D5A5370026FC57 /* PBXContainerItemProxy */;
			sourceTree = BUILT_PRODUCTS_DIR;
		};
		CC81056C29D5A5370026FC57 /* shared.dylib */ = {
			isa = PBXReferenceProxy;
			fileType = "compiled.mach-o.dylib";
			path = shared.dylib;
			remoteRef = CC81056B29D5A5370026FC57 /* PBXContainerItemProxy */;
			sourceTree = BUILT_PRODUCTS_DIR;
		};
		CC81056E29D5A5370026FC57 /* uniffi-bindgen */ = {
			isa = PBXReferenceProxy;
			fileType = "compiled.mach-o.executable";
			path = "uniffi-bindgen";
			remoteRef = CC81056D29D5A5370026FC57 /* PBXContainerItemProxy */;
			sourceTree = BUILT_PRODUCTS_DIR;
		};
/* End PBXReferenceProxy section */

/* Begin PBXResourcesBuildPhase section */
		CCC4BE1D29D5A28400F3E6BA /* Resources */ = {
			isa = PBXResourcesBuildPhase;
			buildActionMask = 2147483647;
			files = (
				CCC4BE2A29D5A28500F3E6BA /* Preview Assets.xcassets in Resources */,
				CCC4BE2729D5A28500F3E6BA /* Assets.xcassets in Resources */,
			);
			runOnlyForDeploymentPostprocessing = 0;
		};
/* End PBXResourcesBuildPhase section */

/* Begin PBXSourcesBuildPhase section */
		CCC4BE1B29D5A28400F3E6BA /* Sources */ = {
			isa = PBXSourcesBuildPhase;
			buildActionMask = 2147483647;
			files = (
				CC81057429D5A5840026FC57 /* shared_types.swift in Sources */,
				CC81055629D5A3B00026FC57 /* shared.udl in Sources */,
				CCC4BE2529D5A28400F3E6BA /* ContentView.swift in Sources */,
				CCC4BE2329D5A28400F3E6BA /* NotesApp.swift in Sources */,
			);
			runOnlyForDeploymentPostprocessing = 0;
		};
/* End PBXSourcesBuildPhase section */

/* Begin XCBuildConfiguration section */
		CCC4BE2B29D5A28500F3E6BA /* Debug */ = {
			isa = XCBuildConfiguration;
			buildSettings = {
				ALWAYS_SEARCH_USER_PATHS = NO;
				CLANG_ANALYZER_NONNULL = YES;
				CLANG_ANALYZER_NUMBER_OBJECT_CONVERSION = YES_AGGRESSIVE;
				CLANG_CXX_LANGUAGE_STANDARD = "gnu++20";
				CLANG_ENABLE_MODULES = YES;
				CLANG_ENABLE_OBJC_ARC = YES;
				CLANG_ENABLE_OBJC_WEAK = YES;
				CLANG_WARN_BLOCK_CAPTURE_AUTORELEASING = YES;
				CLANG_WARN_BOOL_CONVERSION = YES;
				CLANG_WARN_COMMA = YES;
				CLANG_WARN_CONSTANT_CONVERSION = YES;
				CLANG_WARN_DEPRECATED_OBJC_IMPLEMENTATIONS = YES;
				CLANG_WARN_DIRECT_OBJC_ISA_USAGE = YES_ERROR;
				CLANG_WARN_DOCUMENTATION_COMMENTS = YES;
				CLANG_WARN_EMPTY_BODY = YES;
				CLANG_WARN_ENUM_CONVERSION = YES;
				CLANG_WARN_INFINITE_RECURSION = YES;
				CLANG_WARN_INT_CONVERSION = YES;
				CLANG_WARN_NON_LITERAL_NULL_CONVERSION = YES;
				CLANG_WARN_OBJC_IMPLICIT_RETAIN_SELF = YES;
				CLANG_WARN_OBJC_LITERAL_CONVERSION = YES;
				CLANG_WARN_OBJC_ROOT_CLASS = YES_ERROR;
				CLANG_WARN_QUOTED_INCLUDE_IN_FRAMEWORK_HEADER = YES;
				CLANG_WARN_RANGE_LOOP_ANALYSIS = YES;
				CLANG_WARN_STRICT_PROTOTYPES = YES;
				CLANG_WARN_SUSPICIOUS_MOVE = YES;
				CLANG_WARN_UNGUARDED_AVAILABILITY = YES_AGGRESSIVE;
				CLANG_WARN_UNREACHABLE_CODE = YES;
				CLANG_WARN__DUPLICATE_METHOD_MATCH = YES;
				COPY_PHASE_STRIP = NO;
				DEBUG_INFORMATION_FORMAT = dwarf;
				ENABLE_STRICT_OBJC_MSGSEND = YES;
				ENABLE_TESTABILITY = YES;
				GCC_C_LANGUAGE_STANDARD = gnu11;
				GCC_DYNAMIC_NO_PIC = NO;
				GCC_NO_COMMON_BLOCKS = YES;
				GCC_OPTIMIZATION_LEVEL = 0;
				GCC_PREPROCESSOR_DEFINITIONS = (
					"DEBUG=1",
					"$(inherited)",
				);
				GCC_WARN_64_TO_32_BIT_CONVERSION = YES;
				GCC_WARN_ABOUT_RETURN_TYPE = YES_ERROR;
				GCC_WARN_UNDECLARED_SELECTOR = YES;
				GCC_WARN_UNINITIALIZED_AUTOS = YES_AGGRESSIVE;
				GCC_WARN_UNUSED_FUNCTION = YES;
				GCC_WARN_UNUSED_VARIABLE = YES;
				IPHONEOS_DEPLOYMENT_TARGET = 16.2;
				MTL_ENABLE_DEBUG_INFO = INCLUDE_SOURCE;
				MTL_FAST_MATH = YES;
				ONLY_ACTIVE_ARCH = YES;
				SDKROOT = iphoneos;
				SWIFT_ACTIVE_COMPILATION_CONDITIONS = DEBUG;
				SWIFT_OPTIMIZATION_LEVEL = "-Onone";
			};
			name = Debug;
		};
		CCC4BE2C29D5A28500F3E6BA /* Release */ = {
			isa = XCBuildConfiguration;
			buildSettings = {
				ALWAYS_SEARCH_USER_PATHS = NO;
				CLANG_ANALYZER_NONNULL = YES;
				CLANG_ANALYZER_NUMBER_OBJECT_CONVERSION = YES_AGGRESSIVE;
				CLANG_CXX_LANGUAGE_STANDARD = "gnu++20";
				CLANG_ENABLE_MODULES = YES;
				CLANG_ENABLE_OBJC_ARC = YES;
				CLANG_ENABLE_OBJC_WEAK = YES;
				CLANG_WARN_BLOCK_CAPTURE_AUTORELEASING = YES;
				CLANG_WARN_BOOL_CONVERSION = YES;
				CLANG_WARN_COMMA = YES;
				CLANG_WARN_CONSTANT_CONVERSION = YES;
				CLANG_WARN_DEPRECATED_OBJC_IMPLEMENTATIONS = YES;
				CLANG_WARN_DIRECT_OBJC_ISA_USAGE = YES_ERROR;
				CLANG_WARN_DOCUMENTATION_COMMENTS = YES;
				CLANG_WARN_EMPTY_BODY = YES;
				CLANG_WARN_ENUM_CONVERSION = YES;
				CLANG_WARN_INFINITE_RECURSION = YES;
				CLANG_WARN_INT_CONVERSION = YES;
				CLANG_WARN_NON_LITERAL_NULL_CONVERSION = YES;
				CLANG_WARN_OBJC_IMPLICIT_RETAIN_SELF = YES;
				CLANG_WARN_OBJC_LITERAL_CONVERSION = YES;
				CLANG_WARN_OBJC_ROOT_CLASS = YES_ERROR;
				CLANG_WARN_QUOTED_INCLUDE_IN_FRAMEWORK_HEADER = YES;
				CLANG_WARN_RANGE_LOOP_ANALYSIS = YES;
				CLANG_WARN_STRICT_PROTOTYPES = YES;
				CLANG_WARN_SUSPICIOUS_MOVE = YES;
				CLANG_WARN_UNGUARDED_AVAILABILITY = YES_AGGRESSIVE;
				CLANG_WARN_UNREACHABLE_CODE = YES;
				CLANG_WARN__DUPLICATE_METHOD_MATCH = YES;
				COPY_PHASE_STRIP = NO;
				DEBUG_INFORMATION_FORMAT = "dwarf-with-dsym";
				ENABLE_NS_ASSERTIONS = NO;
				ENABLE_STRICT_OBJC_MSGSEND = YES;
				GCC_C_LANGUAGE_STANDARD = gnu11;
				GCC_NO_COMMON_BLOCKS = YES;
				GCC_WARN_64_TO_32_BIT_CONVERSION = YES;
				GCC_WARN_ABOUT_RETURN_TYPE = YES_ERROR;
				GCC_WARN_UNDECLARED_SELECTOR = YES;
				GCC_WARN_UNINITIALIZED_AUTOS = YES_AGGRESSIVE;
				GCC_WARN_UNUSED_FUNCTION = YES;
				GCC_WARN_UNUSED_VARIABLE = YES;
				IPHONEOS_DEPLOYMENT_TARGET = 16.2;
				MTL_ENABLE_DEBUG_INFO = NO;
				MTL_FAST_MATH = YES;
				SDKROOT = iphoneos;
				SWIFT_COMPILATION_MODE = wholemodule;
				SWIFT_OPTIMIZATION_LEVEL = "-O";
				VALIDATE_PRODUCT = YES;
			};
			name = Release;
		};
		CCC4BE2E29D5A28500F3E6BA /* Debug */ = {
			isa = XCBuildConfiguration;
			buildSettings = {
				ASSETCATALOG_COMPILER_APPICON_NAME = AppIcon;
				ASSETCATALOG_COMPILER_GLOBAL_ACCENT_COLOR_NAME = AccentColor;
				CODE_SIGN_STYLE = Automatic;
				CURRENT_PROJECT_VERSION = 1;
				DEVELOPMENT_ASSET_PATHS = "\"Notes/Preview Content\"";
				DEVELOPMENT_TEAM = E5DS2C9C62;
				ENABLE_PREVIEWS = YES;
				GENERATE_INFOPLIST_FILE = YES;
				INFOPLIST_KEY_UIApplicationSceneManifest_Generation = YES;
				INFOPLIST_KEY_UIApplicationSupportsIndirectInputEvents = YES;
				INFOPLIST_KEY_UILaunchScreen_Generation = YES;
				INFOPLIST_KEY_UISupportedInterfaceOrientations_iPad = "UIInterfaceOrientationPortrait UIInterfaceOrientationPortraitUpsideDown UIInterfaceOrientationLandscapeLeft UIInterfaceOrientationLandscapeRight";
				INFOPLIST_KEY_UISupportedInterfaceOrientations_iPhone = "UIInterfaceOrientationPortrait UIInterfaceOrientationLandscapeLeft UIInterfaceOrientationLandscapeRight";
				LD_RUNPATH_SEARCH_PATHS = (
					"$(inherited)",
					"@executable_path/Frameworks",
				);
				MARKETING_VERSION = 1.0;
				PRODUCT_BUNDLE_IDENTIFIER = com.redbadger.crux.Notes;
				PRODUCT_NAME = "$(TARGET_NAME)";
				SWIFT_EMIT_LOC_STRINGS = YES;
				SWIFT_OBJC_BRIDGING_HEADER = generated/sharedFFI.h;
				SWIFT_VERSION = 5.0;
				TARGETED_DEVICE_FAMILY = "1,2";
			};
			name = Debug;
		};
		CCC4BE2F29D5A28500F3E6BA /* Release */ = {
			isa = XCBuildConfiguration;
			buildSettings = {
				ASSETCATALOG_COMPILER_APPICON_NAME = AppIcon;
				ASSETCATALOG_COMPILER_GLOBAL_ACCENT_COLOR_NAME = AccentColor;
				CODE_SIGN_STYLE = Automatic;
				CURRENT_PROJECT_VERSION = 1;
				DEVELOPMENT_ASSET_PATHS = "\"Notes/Preview Content\"";
				DEVELOPMENT_TEAM = E5DS2C9C62;
				ENABLE_PREVIEWS = YES;
				GENERATE_INFOPLIST_FILE = YES;
				INFOPLIST_KEY_UIApplicationSceneManifest_Generation = YES;
				INFOPLIST_KEY_UIApplicationSupportsIndirectInputEvents = YES;
				INFOPLIST_KEY_UILaunchScreen_Generation = YES;
				INFOPLIST_KEY_UISupportedInterfaceOrientations_iPad = "UIInterfaceOrientationPortrait UIInterfaceOrientationPortraitUpsideDown UIInterfaceOrientationLandscapeLeft UIInterfaceOrientationLandscapeRight";
				INFOPLIST_KEY_UISupportedInterfaceOrientations_iPhone = "UIInterfaceOrientationPortrait UIInterfaceOrientationLandscapeLeft UIInterfaceOrientationLandscapeRight";
				LD_RUNPATH_SEARCH_PATHS = (
					"$(inherited)",
					"@executable_path/Frameworks",
				);
				MARKETING_VERSION = 1.0;
				PRODUCT_BUNDLE_IDENTIFIER = com.redbadger.crux.Notes;
				PRODUCT_NAME = "$(TARGET_NAME)";
				SWIFT_EMIT_LOC_STRINGS = YES;
				SWIFT_OBJC_BRIDGING_HEADER = generated/sharedFFI.h;
				SWIFT_VERSION = 5.0;
				TARGETED_DEVICE_FAMILY = "1,2";
			};
			name = Release;
		};
/* End XCBuildConfiguration section */

/* Begin XCConfigurationList section */
		CCC4BE1A29D5A28400F3E6BA /* Build configuration list for PBXProject "Notes" */ = {
			isa = XCConfigurationList;
			buildConfigurations = (
				CCC4BE2B29D5A28500F3E6BA /* Debug */,
				CCC4BE2C29D5A28500F3E6BA /* Release */,
			);
			defaultConfigurationIsVisible = 0;
			defaultConfigurationName = Release;
		};
		CCC4BE2D29D5A28500F3E6BA /* Build configuration list for PBXNativeTarget "Notes" */ = {
			isa = XCConfigurationList;
			buildConfigurations = (
				CCC4BE2E29D5A28500F3E6BA /* Debug */,
				CCC4BE2F29D5A28500F3E6BA /* Release */,
			);
			defaultConfigurationIsVisible = 0;
			defaultConfigurationName = Release;
		};
/* End XCConfigurationList section */

/* Begin XCRemoteSwiftPackageReference section */
		CC81057529D5A6100026FC57 /* XCRemoteSwiftPackageReference "Serde" */ = {
			isa = XCRemoteSwiftPackageReference;
			repositoryURL = "https://github.com/starcoin-sdk/Serde.swift";
			requirement = {
				branch = main;
				kind = branch;
			};
		};
/* End XCRemoteSwiftPackageReference section */

/* Begin XCSwiftPackageProductDependency section */
		CC81057629D5A6100026FC57 /* Serde */ = {
			isa = XCSwiftPackageProductDependency;
			package = CC81057529D5A6100026FC57 /* XCRemoteSwiftPackageReference "Serde" */;
			productName = Serde;
		};
/* End XCSwiftPackageProductDependency section */
	};
	rootObject = CCC4BE1729D5A28400F3E6BA /* Project object */;
}
