// !$*UTF8*$!
{
	archiveVersion = 1;
	classes = {
	};
	objectVersion = 60;
	objects = {

/* Begin PBXBuildFile section */
		1DD12F8F777AE0B845A41A25 /* http.swift in Sources */ = {isa = PBXBuildFile; fileRef = 8538B3F4FC8472F5C93ACD80 /* http.swift */; };
		334B08822AC4D801207951A0 /* Assets.xcassets in Resources */ = {isa = PBXBuildFile; fileRef = 6F004D450518226D7B50A267 /* Assets.xcassets */; };
		54C2E71CAF2F96B967BC0DF5 /* shared.udl in Sources */ = {isa = PBXBuildFile; fileRef = 5793BC3BA0A0576A14F5F050 /* shared.udl */; };
		5CB93AF904772A9440AC765F /* ContentView.swift in Sources */ = {isa = PBXBuildFile; fileRef = 1E4056BAC32CC8AC7A9740CA /* ContentView.swift */; };
		7D03E7045F57CA28148D2CA4 /* core.swift in Sources */ = {isa = PBXBuildFile; fileRef = 194A00C08EEF11C3CC1340EE /* core.swift */; };
		831E091105B555E7D0085CF4 /* Preview Assets.xcassets in Resources */ = {isa = PBXBuildFile; fileRef = BEED0A11FB2044F35FBCD25B /* Preview Assets.xcassets */; };
		8CEEE500CE6BE0647260B67F /* SharedTypes in Frameworks */ = {isa = PBXBuildFile; productRef = 585C187420F6F4F4142F646D /* SharedTypes */; };
		91A375A39D8A4F827B873AF3 /* CatFactsApp.swift in Sources */ = {isa = PBXBuildFile; fileRef = 17F008C3C1A819A3D7658E59 /* CatFactsApp.swift */; };
		C6A871270F87D449FB7FE5C4 /* uniffi-bindgen in Resources */ = {isa = PBXBuildFile; fileRef = 4D27A7B150B96621935C1300 /* uniffi-bindgen */; settings = {ATTRIBUTES = (RemoveHeadersOnCopy, ); }; };
		CC41DEC62D9485290028D276 /* SharedTypes in Frameworks */ = {isa = PBXBuildFile; productRef = CC41DEC52D9485290028D276 /* SharedTypes */; };
		CC5153862D946B4C00BA5660 /* SharedTypes in Frameworks */ = {isa = PBXBuildFile; productRef = CC5153852D946B4C00BA5660 /* SharedTypes */; };
		CC5153892D946E6800BA5660 /* SharedTypes in Frameworks */ = {isa = PBXBuildFile; productRef = CC5153882D946E6800BA5660 /* SharedTypes */; };
		F68573BF507ACC074620C5D8 /* libshared_static.a in Frameworks */ = {isa = PBXBuildFile; fileRef = 6A500489520C085A22DE7285 /* libshared_static.a */; };
/* End PBXBuildFile section */

/* Begin PBXBuildRule section */
		325AF1D41F320967DD15643C /* PBXBuildRule */ = {
			isa = PBXBuildRule;
			compilerSpec = com.apple.compilers.proxy.script;
			filePatterns = "*.udl";
			fileType = pattern.proxy;
			inputFiles = (
			);
			isEditable = 1;
			name = "Generate FFI";
			outputFiles = (
				"$(PROJECT_DIR)/generated/$(INPUT_FILE_BASE).swift",
				"$(PROJECT_DIR)/generated/$(INPUT_FILE_BASE)FFI.h",
			);
			outputFilesCompilerFlags = (
			);
			runOncePerArchitecture = 0;
			script = "#!/bin/bash\nset -e\n\n# Skip during indexing phase in XCode 13+\nif [ \"$ACTION\" == \"indexbuild\" ]; then\n  echo \"Not building *.udl files during indexing.\"\n  exit 0\nfi\n\n# Skip for preview builds\nif [ \"$ENABLE_PREVIEWS\" = \"YES\" ]; then\n  echo \"Not building *.udl files during preview builds.\"\n  exit 0\nfi\n\ncd \"${INPUT_FILE_DIR}/..\"\n\"${BUILD_DIR}/${CONFIGURATION}/uniffi-bindgen\" generate \"src/${INPUT_FILE_NAME}\" --language swift --out-dir \"${PROJECT_DIR}/generated\"\n";
		};
/* End PBXBuildRule section */

/* Begin PBXContainerItemProxy section */
		898B1C86AA976270992A4381 /* PBXContainerItemProxy */ = {
			isa = PBXContainerItemProxy;
			containerPortal = F7A91C46D50C923426AE058D /* Shared */;
			proxyType = 2;
			remoteGlobalIDString = CA60431E8A50FB09138082B7;
			remoteInfo = "shared-staticlib";
		};
		BB87FF9167F6D6BE263FBB58 /* PBXContainerItemProxy */ = {
			isa = PBXContainerItemProxy;
			containerPortal = F7A91C46D50C923426AE058D /* Shared */;
			proxyType = 2;
			remoteGlobalIDString = CA605677FFD78109328FB0D5;
			remoteInfo = "uniffi-bindgen-bin";
		};
		BBEFA073C63F2B907A3EF7A5 /* PBXContainerItemProxy */ = {
			isa = PBXContainerItemProxy;
			containerPortal = F7A91C46D50C923426AE058D /* Shared */;
			proxyType = 1;
			remoteGlobalIDString = CA605677FFD79A6F07B14E08;
			remoteInfo = "uniffi-bindgen-bin";
		};
		CCE079142AA1F7F900CD4B57 /* PBXContainerItemProxy */ = {
			isa = PBXContainerItemProxy;
			containerPortal = F7A91C46D50C923426AE058D /* Shared */;
			proxyType = 2;
			remoteGlobalIDString = CA6027CBEBE510F7F7FCAC5B;
			remoteInfo = "shared-cdylib";
		};
		EC5B879D9A861F1E8FC33D84 /* PBXContainerItemProxy */ = {
			isa = PBXContainerItemProxy;
			containerPortal = F7A91C46D50C923426AE058D /* Shared */;
			proxyType = 1;
			remoteGlobalIDString = CA60431E8A505AAF98D5E0DD;
			remoteInfo = "shared-staticlib";
		};
/* End PBXContainerItemProxy section */

/* Begin PBXFileReference section */
		17F008C3C1A819A3D7658E59 /* CatFactsApp.swift */ = {isa = PBXFileReference; lastKnownFileType = sourcecode.swift; path = CatFactsApp.swift; sourceTree = "<group>"; };
		194A00C08EEF11C3CC1340EE /* core.swift */ = {isa = PBXFileReference; lastKnownFileType = sourcecode.swift; path = core.swift; sourceTree = "<group>"; };
		1E4056BAC32CC8AC7A9740CA /* ContentView.swift */ = {isa = PBXFileReference; lastKnownFileType = sourcecode.swift; path = ContentView.swift; sourceTree = "<group>"; };
		5793BC3BA0A0576A14F5F050 /* shared.udl */ = {isa = PBXFileReference; lastKnownFileType = text; path = shared.udl; sourceTree = "<group>"; };
		6F004D450518226D7B50A267 /* Assets.xcassets */ = {isa = PBXFileReference; lastKnownFileType = folder.assetcatalog; path = Assets.xcassets; sourceTree = "<group>"; };
		8538B3F4FC8472F5C93ACD80 /* http.swift */ = {isa = PBXFileReference; lastKnownFileType = sourcecode.swift; path = http.swift; sourceTree = "<group>"; };
		85AA482E612CD48B918497C9 /* CatFacts.app */ = {isa = PBXFileReference; explicitFileType = wrapper.application; includeInIndex = 0; path = CatFacts.app; sourceTree = BUILT_PRODUCTS_DIR; };
		BA04D6CC7F18E9A653D26BDD /* Info.plist */ = {isa = PBXFileReference; lastKnownFileType = text.plist; path = Info.plist; sourceTree = "<group>"; };
		BEED0A11FB2044F35FBCD25B /* Preview Assets.xcassets */ = {isa = PBXFileReference; lastKnownFileType = folder.assetcatalog; path = "Preview Assets.xcassets"; sourceTree = "<group>"; };
		F7A91C46D50C923426AE058D /* Shared */ = {isa = PBXFileReference; lastKnownFileType = "wrapper.pb-project"; name = Shared; path = ../shared/shared.xcodeproj; sourceTree = "<group>"; };
/* End PBXFileReference section */

/* Begin PBXFrameworksBuildPhase section */
		32E37407E09C303EE44B4C29 /* Frameworks */ = {
			isa = PBXFrameworksBuildPhase;
			buildActionMask = 2147483647;
			files = (
				F68573BF507ACC074620C5D8 /* libshared_static.a in Frameworks */,
				CC5153862D946B4C00BA5660 /* SharedTypes in Frameworks */,
				CC41DEC62D9485290028D276 /* SharedTypes in Frameworks */,
				8CEEE500CE6BE0647260B67F /* SharedTypes in Frameworks */,
				CC5153892D946E6800BA5660 /* SharedTypes in Frameworks */,
			);
			runOnlyForDeploymentPostprocessing = 0;
		};
/* End PBXFrameworksBuildPhase section */

/* Begin PBXGroup section */
		0ECDC98F0209A1C6F2CAA14D /* CatFacts */ = {
			isa = PBXGroup;
			children = (
				6F004D450518226D7B50A267 /* Assets.xcassets */,
				17F008C3C1A819A3D7658E59 /* CatFactsApp.swift */,
				1E4056BAC32CC8AC7A9740CA /* ContentView.swift */,
				194A00C08EEF11C3CC1340EE /* core.swift */,
				8538B3F4FC8472F5C93ACD80 /* http.swift */,
				BA04D6CC7F18E9A653D26BDD /* Info.plist */,
				B5007F506D99687AEC368328 /* Preview Content */,
			);
			path = CatFacts;
			sourceTree = "<group>";
		};
		2C7829583F1579E7AC74C08C /* src */ = {
			isa = PBXGroup;
			children = (
				5793BC3BA0A0576A14F5F050 /* shared.udl */,
			);
			name = src;
			path = ../shared/src;
			sourceTree = "<group>";
		};
		632E821FBB8ECA7154D2ED0E /* Projects */ = {
			isa = PBXGroup;
			children = (
				F7A91C46D50C923426AE058D /* Shared */,
			);
			name = Projects;
			sourceTree = "<group>";
		};
		B5007F506D99687AEC368328 /* Preview Content */ = {
			isa = PBXGroup;
			children = (
				BEED0A11FB2044F35FBCD25B /* Preview Assets.xcassets */,
			);
			path = "Preview Content";
			sourceTree = "<group>";
		};
		C4A5B9BF461AAFDF4CBFCCBD = {
			isa = PBXGroup;
			children = (
				0ECDC98F0209A1C6F2CAA14D /* CatFacts */,
				2C7829583F1579E7AC74C08C /* src */,
				D3FCB02205D19ED1EDA7794F /* Products */,
				632E821FBB8ECA7154D2ED0E /* Projects */,
			);
			sourceTree = "<group>";
		};
		D3FCB02205D19ED1EDA7794F /* Products */ = {
			isa = PBXGroup;
			children = (
				85AA482E612CD48B918497C9 /* CatFacts.app */,
			);
			name = Products;
			sourceTree = "<group>";
		};
		E0B8F6C21E620EB7C7D817BC /* Products */ = {
			isa = PBXGroup;
			children = (
				6A500489520C085A22DE7285 /* libshared_static.a */,
				CCE079152AA1F7F900CD4B57 /* shared.dylib */,
				4D27A7B150B96621935C1300 /* uniffi-bindgen */,
			);
			name = Products;
			sourceTree = "<group>";
		};
/* End PBXGroup section */

/* Begin PBXNativeTarget section */
		29E68E98E1C7D4DB6459D09A /* CatFacts */ = {
			isa = PBXNativeTarget;
			buildConfigurationList = E4B2439A59895E897FF0E533 /* Build configuration list for PBXNativeTarget "CatFacts" */;
			buildPhases = (
				E1A5EC4560D091F83DC11375 /* Sources */,
				17C3C3744E3DC17C1662F83C /* Resources */,
				32E37407E09C303EE44B4C29 /* Frameworks */,
			);
			buildRules = (
				325AF1D41F320967DD15643C /* PBXBuildRule */,
			);
			dependencies = (
				33CF43CC5F4BFFB977CD0EC8 /* PBXTargetDependency */,
				8606B16FCDBB49E044DC7922 /* PBXTargetDependency */,
			);
			name = CatFacts;
			packageProductDependencies = (
				585C187420F6F4F4142F646D /* SharedTypes */,
				CC5153852D946B4C00BA5660 /* SharedTypes */,
				CC5153882D946E6800BA5660 /* SharedTypes */,
				CC41DEC52D9485290028D276 /* SharedTypes */,
			);
			productName = CatFacts;
			productReference = 85AA482E612CD48B918497C9 /* CatFacts.app */;
			productType = "com.apple.product-type.application";
		};
/* End PBXNativeTarget section */

/* Begin PBXProject section */
		1BF6618453A1A98F8CF01E3F /* Project object */ = {
			isa = PBXProject;
			attributes = {
				BuildIndependentTargetsInParallel = YES;
				LastUpgradeCheck = 1430;
			};
			buildConfigurationList = 10A7DA8EB465ED1610BFC66E /* Build configuration list for PBXProject "CatFacts" */;
			compatibilityVersion = "Xcode 14.0";
			developmentRegion = en;
			hasScannedForEncodings = 0;
			knownRegions = (
				Base,
				en,
			);
			mainGroup = C4A5B9BF461AAFDF4CBFCCBD;
			packageReferences = (
				CC41DEC42D9485290028D276 /* XCLocalSwiftPackageReference "../shared_types/generated/swift/SharedTypes" */,
			);
			projectDirPath = "";
			projectReferences = (
				{
					ProductGroup = E0B8F6C21E620EB7C7D817BC /* Products */;
					ProjectRef = F7A91C46D50C923426AE058D /* Shared */;
				},
			);
			projectRoot = "";
			targets = (
				29E68E98E1C7D4DB6459D09A /* CatFacts */,
			);
		};
/* End PBXProject section */

/* Begin PBXReferenceProxy section */
		4D27A7B150B96621935C1300 /* uniffi-bindgen */ = {
			isa = PBXReferenceProxy;
			fileType = "compiled.mach-o.executable";
			path = "uniffi-bindgen";
			remoteRef = BB87FF9167F6D6BE263FBB58 /* PBXContainerItemProxy */;
			sourceTree = BUILT_PRODUCTS_DIR;
		};
		6A500489520C085A22DE7285 /* libshared_static.a */ = {
			isa = PBXReferenceProxy;
			fileType = archive.ar;
			path = libshared_static.a;
			remoteRef = 898B1C86AA976270992A4381 /* PBXContainerItemProxy */;
			sourceTree = BUILT_PRODUCTS_DIR;
		};
		CCE079152AA1F7F900CD4B57 /* shared.dylib */ = {
			isa = PBXReferenceProxy;
			fileType = "compiled.mach-o.dylib";
			path = shared.dylib;
			remoteRef = CCE079142AA1F7F900CD4B57 /* PBXContainerItemProxy */;
			sourceTree = BUILT_PRODUCTS_DIR;
		};
/* End PBXReferenceProxy section */

/* Begin PBXResourcesBuildPhase section */
		17C3C3744E3DC17C1662F83C /* Resources */ = {
			isa = PBXResourcesBuildPhase;
			buildActionMask = 2147483647;
			files = (
				334B08822AC4D801207951A0 /* Assets.xcassets in Resources */,
				831E091105B555E7D0085CF4 /* Preview Assets.xcassets in Resources */,
				C6A871270F87D449FB7FE5C4 /* uniffi-bindgen in Resources */,
			);
			runOnlyForDeploymentPostprocessing = 0;
		};
/* End PBXResourcesBuildPhase section */

/* Begin PBXSourcesBuildPhase section */
		E1A5EC4560D091F83DC11375 /* Sources */ = {
			isa = PBXSourcesBuildPhase;
			buildActionMask = 2147483647;
			files = (
				91A375A39D8A4F827B873AF3 /* CatFactsApp.swift in Sources */,
				5CB93AF904772A9440AC765F /* ContentView.swift in Sources */,
				7D03E7045F57CA28148D2CA4 /* core.swift in Sources */,
				1DD12F8F777AE0B845A41A25 /* http.swift in Sources */,
				54C2E71CAF2F96B967BC0DF5 /* shared.udl in Sources */,
			);
			runOnlyForDeploymentPostprocessing = 0;
		};
/* End PBXSourcesBuildPhase section */

/* Begin PBXTargetDependency section */
		33CF43CC5F4BFFB977CD0EC8 /* PBXTargetDependency */ = {
			isa = PBXTargetDependency;
			name = "uniffi-bindgen-bin";
			targetProxy = BBEFA073C63F2B907A3EF7A5 /* PBXContainerItemProxy */;
		};
		8606B16FCDBB49E044DC7922 /* PBXTargetDependency */ = {
			isa = PBXTargetDependency;
			name = "shared-staticlib";
			targetProxy = EC5B879D9A861F1E8FC33D84 /* PBXContainerItemProxy */;
		};
/* End PBXTargetDependency section */

/* Begin XCBuildConfiguration section */
		00C10B6209E55F190CAFDF25 /* Debug */ = {
			isa = XCBuildConfiguration;
			buildSettings = {
				ALWAYS_SEARCH_USER_PATHS = NO;
				CLANG_ANALYZER_NONNULL = YES;
				CLANG_ANALYZER_NUMBER_OBJECT_CONVERSION = YES_AGGRESSIVE;
				CLANG_CXX_LANGUAGE_STANDARD = "gnu++14";
				CLANG_CXX_LIBRARY = "libc++";
				CLANG_ENABLE_MODULES = YES;
				CLANG_ENABLE_OBJC_ARC = YES;
				CLANG_ENABLE_OBJC_WEAK = YES;
				CLANG_WARN_BLOCK_CAPTURE_AUTORELEASING = YES;
				CLANG_WARN_BOOL_CONVERSION = YES;
				CLANG_WARN_COMMA = YES;
				CLANG_WARN_CONSTANT_CONVERSION = YES;
				CLANG_WARN_DEPRECATED_OBJC_IMPLEMENTATIONS = YES;
				CLANG_WARN_DIRECT_OBJC_ISA_USAGE = YES_ERROR;
				CLANG_WARN_DOCUMENTATION_COMMENTS = YES;
				CLANG_WARN_EMPTY_BODY = YES;
				CLANG_WARN_ENUM_CONVERSION = YES;
				CLANG_WARN_INFINITE_RECURSION = YES;
				CLANG_WARN_INT_CONVERSION = YES;
				CLANG_WARN_NON_LITERAL_NULL_CONVERSION = YES;
				CLANG_WARN_OBJC_IMPLICIT_RETAIN_SELF = YES;
				CLANG_WARN_OBJC_LITERAL_CONVERSION = YES;
				CLANG_WARN_OBJC_ROOT_CLASS = YES_ERROR;
				CLANG_WARN_QUOTED_INCLUDE_IN_FRAMEWORK_HEADER = YES;
				CLANG_WARN_RANGE_LOOP_ANALYSIS = YES;
				CLANG_WARN_STRICT_PROTOTYPES = YES;
				CLANG_WARN_SUSPICIOUS_MOVE = YES;
				CLANG_WARN_UNGUARDED_AVAILABILITY = YES_AGGRESSIVE;
				CLANG_WARN_UNREACHABLE_CODE = YES;
				CLANG_WARN__DUPLICATE_METHOD_MATCH = YES;
				COPY_PHASE_STRIP = NO;
				DEBUG_INFORMATION_FORMAT = dwarf;
				ENABLE_STRICT_OBJC_MSGSEND = YES;
				ENABLE_TESTABILITY = YES;
				GCC_C_LANGUAGE_STANDARD = gnu11;
				GCC_DYNAMIC_NO_PIC = NO;
				GCC_NO_COMMON_BLOCKS = YES;
				GCC_OPTIMIZATION_LEVEL = 0;
				GCC_PREPROCESSOR_DEFINITIONS = (
					"$(inherited)",
					"DEBUG=1",
				);
				GCC_WARN_64_TO_32_BIT_CONVERSION = YES;
				GCC_WARN_ABOUT_RETURN_TYPE = YES_ERROR;
				GCC_WARN_UNDECLARED_SELECTOR = YES;
				GCC_WARN_UNINITIALIZED_AUTOS = YES_AGGRESSIVE;
				GCC_WARN_UNUSED_FUNCTION = YES;
				GCC_WARN_UNUSED_VARIABLE = YES;
				MTL_ENABLE_DEBUG_INFO = INCLUDE_SOURCE;
				MTL_FAST_MATH = YES;
				ONLY_ACTIVE_ARCH = YES;
				PRODUCT_NAME = "$(TARGET_NAME)";
				SDKROOT = iphoneos;
				SWIFT_ACTIVE_COMPILATION_CONDITIONS = DEBUG;
				SWIFT_OPTIMIZATION_LEVEL = "-Onone";
				SWIFT_VERSION = 5.0;
			};
			name = Debug;
		};
		729C36980AF4E7BF5212B68E /* Release */ = {
			isa = XCBuildConfiguration;
			buildSettings = {
				ALWAYS_SEARCH_USER_PATHS = NO;
				CLANG_ANALYZER_NONNULL = YES;
				CLANG_ANALYZER_NUMBER_OBJECT_CONVERSION = YES_AGGRESSIVE;
				CLANG_CXX_LANGUAGE_STANDARD = "gnu++14";
				CLANG_CXX_LIBRARY = "libc++";
				CLANG_ENABLE_MODULES = YES;
				CLANG_ENABLE_OBJC_ARC = YES;
				CLANG_ENABLE_OBJC_WEAK = YES;
				CLANG_WARN_BLOCK_CAPTURE_AUTORELEASING = YES;
				CLANG_WARN_BOOL_CONVERSION = YES;
				CLANG_WARN_COMMA = YES;
				CLANG_WARN_CONSTANT_CONVERSION = YES;
				CLANG_WARN_DEPRECATED_OBJC_IMPLEMENTATIONS = YES;
				CLANG_WARN_DIRECT_OBJC_ISA_USAGE = YES_ERROR;
				CLANG_WARN_DOCUMENTATION_COMMENTS = YES;
				CLANG_WARN_EMPTY_BODY = YES;
				CLANG_WARN_ENUM_CONVERSION = YES;
				CLANG_WARN_INFINITE_RECURSION = YES;
				CLANG_WARN_INT_CONVERSION = YES;
				CLANG_WARN_NON_LITERAL_NULL_CONVERSION = YES;
				CLANG_WARN_OBJC_IMPLICIT_RETAIN_SELF = YES;
				CLANG_WARN_OBJC_LITERAL_CONVERSION = YES;
				CLANG_WARN_OBJC_ROOT_CLASS = YES_ERROR;
				CLANG_WARN_QUOTED_INCLUDE_IN_FRAMEWORK_HEADER = YES;
				CLANG_WARN_RANGE_LOOP_ANALYSIS = YES;
				CLANG_WARN_STRICT_PROTOTYPES = YES;
				CLANG_WARN_SUSPICIOUS_MOVE = YES;
				CLANG_WARN_UNGUARDED_AVAILABILITY = YES_AGGRESSIVE;
				CLANG_WARN_UNREACHABLE_CODE = YES;
				CLANG_WARN__DUPLICATE_METHOD_MATCH = YES;
				COPY_PHASE_STRIP = NO;
				DEBUG_INFORMATION_FORMAT = "dwarf-with-dsym";
				ENABLE_NS_ASSERTIONS = NO;
				ENABLE_STRICT_OBJC_MSGSEND = YES;
				GCC_C_LANGUAGE_STANDARD = gnu11;
				GCC_NO_COMMON_BLOCKS = YES;
				GCC_WARN_64_TO_32_BIT_CONVERSION = YES;
				GCC_WARN_ABOUT_RETURN_TYPE = YES_ERROR;
				GCC_WARN_UNDECLARED_SELECTOR = YES;
				GCC_WARN_UNINITIALIZED_AUTOS = YES_AGGRESSIVE;
				GCC_WARN_UNUSED_FUNCTION = YES;
				GCC_WARN_UNUSED_VARIABLE = YES;
				MTL_ENABLE_DEBUG_INFO = NO;
				MTL_FAST_MATH = YES;
				PRODUCT_NAME = "$(TARGET_NAME)";
				SDKROOT = iphoneos;
				SWIFT_COMPILATION_MODE = wholemodule;
				SWIFT_OPTIMIZATION_LEVEL = "-O";
				SWIFT_VERSION = 5.0;
			};
			name = Release;
		};
		9C50312AAA0AD55228C5C641 /* Release */ = {
			isa = XCBuildConfiguration;
			buildSettings = {
				ASSETCATALOG_COMPILER_APPICON_NAME = AppIcon;
				CODE_SIGN_IDENTITY = "iPhone Developer";
				INFOPLIST_FILE = CatFacts/Info.plist;
				IPHONEOS_DEPLOYMENT_TARGET = 18.0;
				LD_RUNPATH_SEARCH_PATHS = (
					"$(inherited)",
					"@executable_path/Frameworks",
				);
				OTHER_LDFLAGS = (
					"-w",
					"-ObjC",
				);
				PRODUCT_BUNDLE_IDENTIFIER = com.example.catfacts.CatFacts;
				SDKROOT = iphoneos;
				SWIFT_OBJC_BRIDGING_HEADER = generated/sharedFFI.h;
				TARGETED_DEVICE_FAMILY = "1,2";
			};
			name = Release;
		};
		D70F62F9308AA2CA3466EB5C /* Debug */ = {
			isa = XCBuildConfiguration;
			buildSettings = {
				ASSETCATALOG_COMPILER_APPICON_NAME = AppIcon;
				CODE_SIGN_IDENTITY = "iPhone Developer";
				INFOPLIST_FILE = CatFacts/Info.plist;
				IPHONEOS_DEPLOYMENT_TARGET = 18.0;
				LD_RUNPATH_SEARCH_PATHS = (
					"$(inherited)",
					"@executable_path/Frameworks",
				);
				OTHER_LDFLAGS = (
					"-w",
					"-ObjC",
				);
				PRODUCT_BUNDLE_IDENTIFIER = com.example.catfacts.CatFacts;
				SDKROOT = iphoneos;
				SWIFT_OBJC_BRIDGING_HEADER = generated/sharedFFI.h;
				TARGETED_DEVICE_FAMILY = "1,2";
			};
			name = Debug;
		};
/* End XCBuildConfiguration section */

/* Begin XCConfigurationList section */
		10A7DA8EB465ED1610BFC66E /* Build configuration list for PBXProject "CatFacts" */ = {
			isa = XCConfigurationList;
			buildConfigurations = (
				00C10B6209E55F190CAFDF25 /* Debug */,
				729C36980AF4E7BF5212B68E /* Release */,
			);
			defaultConfigurationIsVisible = 0;
			defaultConfigurationName = Debug;
		};
		E4B2439A59895E897FF0E533 /* Build configuration list for PBXNativeTarget "CatFacts" */ = {
			isa = XCConfigurationList;
			buildConfigurations = (
				D70F62F9308AA2CA3466EB5C /* Debug */,
				9C50312AAA0AD55228C5C641 /* Release */,
			);
			defaultConfigurationIsVisible = 0;
			defaultConfigurationName = Debug;
		};
/* End XCConfigurationList section */

/* Begin XCLocalSwiftPackageReference section */
		CC41DEC42D9485290028D276 /* XCLocalSwiftPackageReference "../shared_types/generated/swift/SharedTypes" */ = {
			isa = XCLocalSwiftPackageReference;
			relativePath = ../shared_types/generated/swift/SharedTypes;
		};
/* End XCLocalSwiftPackageReference section */

/* Begin XCSwiftPackageProductDependency section */
		585C187420F6F4F4142F646D /* SharedTypes */ = {
			isa = XCSwiftPackageProductDependency;
			productName = SharedTypes;
		};
		CC41DEC52D9485290028D276 /* SharedTypes */ = {
			isa = XCSwiftPackageProductDependency;
			productName = SharedTypes;
		};
		CC5153852D946B4C00BA5660 /* SharedTypes */ = {
			isa = XCSwiftPackageProductDependency;
			productName = SharedTypes;
		};
		CC5153882D946E6800BA5660 /* SharedTypes */ = {
			isa = XCSwiftPackageProductDependency;
			productName = SharedTypes;
		};
/* End XCSwiftPackageProductDependency section */
	};
	rootObject = 1BF6618453A1A98F8CF01E3F /* Project object */;
}
