// !$*UTF8*$!
{
	archiveVersion = 1;
	classes = {
	};
	objectVersion = 56;
	objects = {

/* Begin PBXBuildFile section */
		CC2DA6BC2A1506CC00FA2602 /* libshared_static.a in Frameworks */ = {isa = PBXBuildFile; fileRef = CC2DA6B62A1506AF00FA2602 /* libshared_static.a */; };
		CC5DAE682A150A4000D6670E /* SharedTypes in Frameworks */ = {isa = PBXBuildFile; productRef = CC5DAE672A150A4000D6670E /* SharedTypes */; };
		CC5DAE6A2A150B2C00D6670E /* shared.udl in Sources */ = {isa = PBXBuildFile; fileRef = CC5DAE692A150B2C00D6670E /* shared.udl */; };
		CCF2796E2A1505B9002B1155 /* CatFactsApp.swift in Sources */ = {isa = PBXBuildFile; fileRef = CCF2796D2A1505B9002B1155 /* CatFactsApp.swift */; };
		CCF279702A1505B9002B1155 /* ContentView.swift in Sources */ = {isa = PBXBuildFile; fileRef = CCF2796F2A1505B9002B1155 /* ContentView.swift */; };
		CCF279722A1505B9002B1155 /* Assets.xcassets in Resources */ = {isa = PBXBuildFile; fileRef = CCF279712A1505B9002B1155 /* Assets.xcassets */; };
		CCF279752A1505B9002B1155 /* Preview Assets.xcassets in Resources */ = {isa = PBXBuildFile; fileRef = CCF279742A1505B9002B1155 /* Preview Assets.xcassets */; };
/* End PBXBuildFile section */

/* Begin PBXBuildRule section */
		CC2DA6AE2A1505F300FA2602 /* PBXBuildRule */ = {
			isa = PBXBuildRule;
			compilerSpec = com.apple.compilers.proxy.script;
			filePatterns = "*.udl";
			fileType = pattern.proxy;
			inputFiles = (
			);
			isEditable = 1;
			outputFiles = (
				"$(PROJECT_DIR)/generated/$(INPUT_FILE_BASE).swift",
				"$(PROJECT_DIR)/generated/$(INPUT_FILE_BASE)FFI.h",
			);
			runOncePerArchitecture = 0;
			script = "# Skip during indexing phase in XCode 13+\nif [ $ACTION == \"indexbuild\" ]; then\n   echo \"Not building *.udl files during indexing.\"\n   exit 0\nfi\n\n# Skip for preview builds\nif [ \"${ENABLE_PREVIEWS}\" = \"YES\" ]; then\n   echo \"Not building *.udl files during preview builds.\"\n   exit 0\nfi\n\n# note, for now, run a cargo build manually to ensure the binary exists for this step\ncd \"$INPUT_FILE_DIR\"/.. && \"$PROJECT_DIR/../target/debug/uniffi-bindgen\" generate src/\"$INPUT_FILE_NAME\" --language swift --out-dir \"$PROJECT_DIR/generated\"\n";
		};
/* End PBXBuildRule section */

/* Begin PBXContainerItemProxy section */
		CC2DA6B52A1506AF00FA2602 /* PBXContainerItemProxy */ = {
			isa = PBXContainerItemProxy;
			containerPortal = CC2DA6AF2A1506AF00FA2602 /* shared.xcodeproj */;
			proxyType = 2;
			remoteGlobalIDString = CA60431E8A50FB09138082B7;
			remoteInfo = "shared-staticlib";
		};
		CC2DA6B72A1506AF00FA2602 /* PBXContainerItemProxy */ = {
			isa = PBXContainerItemProxy;
			containerPortal = CC2DA6AF2A1506AF00FA2602 /* shared.xcodeproj */;
			proxyType = 2;
			remoteGlobalIDString = CA6027CBEBE510F7F7FCAC5B;
			remoteInfo = "shared-cdylib";
		};
		CC2DA6B92A1506AF00FA2602 /* PBXContainerItemProxy */ = {
			isa = PBXContainerItemProxy;
			containerPortal = CC2DA6AF2A1506AF00FA2602 /* shared.xcodeproj */;
			proxyType = 2;
			remoteGlobalIDString = CA605677FFD78109328FB0D5;
			remoteInfo = "uniffi-bindgen-bin";
		};
/* End PBXContainerItemProxy section */

/* Begin PBXFileReference section */
		CC2DA6AF2A1506AF00FA2602 /* shared.xcodeproj */ = {isa = PBXFileReference; lastKnownFileType = "wrapper.pb-project"; name = shared.xcodeproj; path = ../shared/shared.xcodeproj; sourceTree = "<group>"; };
		CC5DAE662A150A3A00D6670E /* SharedTypes */ = {isa = PBXFileReference; lastKnownFileType = wrapper; name = SharedTypes; path = ../shared_types/generated/swift/SharedTypes; sourceTree = "<group>"; };
		CC5DAE692A150B2C00D6670E /* shared.udl */ = {isa = PBXFileReference; lastKnownFileType = text; name = shared.udl; path = ../shared/src/shared.udl; sourceTree = "<group>"; };
		CCF2796A2A1505B9002B1155 /* CatFacts.app */ = {isa = PBXFileReference; explicitFileType = wrapper.application; includeInIndex = 0; path = CatFacts.app; sourceTree = BUILT_PRODUCTS_DIR; };
		CCF2796D2A1505B9002B1155 /* CatFactsApp.swift */ = {isa = PBXFileReference; lastKnownFileType = sourcecode.swift; path = CatFactsApp.swift; sourceTree = "<group>"; };
		CCF2796F2A1505B9002B1155 /* ContentView.swift */ = {isa = PBXFileReference; lastKnownFileType = sourcecode.swift; path = ContentView.swift; sourceTree = "<group>"; };
		CCF279712A1505B9002B1155 /* Assets.xcassets */ = {isa = PBXFileReference; lastKnownFileType = folder.assetcatalog; path = Assets.xcassets; sourceTree = "<group>"; };
		CCF279742A1505B9002B1155 /* Preview Assets.xcassets */ = {isa = PBXFileReference; lastKnownFileType = folder.assetcatalog; path = "Preview Assets.xcassets"; sourceTree = "<group>"; };
/* End PBXFileReference section */

/* Begin PBXFrameworksBuildPhase section */
		CCF279672A1505B9002B1155 /* Frameworks */ = {
			isa = PBXFrameworksBuildPhase;
			buildActionMask = 2147483647;
			files = (
				CC2DA6BC2A1506CC00FA2602 /* libshared_static.a in Frameworks */,
				CC5DAE682A150A4000D6670E /* SharedTypes in Frameworks */,
			);
			runOnlyForDeploymentPostprocessing = 0;
		};
/* End PBXFrameworksBuildPhase section */

/* Begin PBXGroup section */
		CC2DA6B02A1506AF00FA2602 /* Products */ = {
			isa = PBXGroup;
			children = (
				CC2DA6B62A1506AF00FA2602 /* libshared_static.a */,
				CC2DA6B82A1506AF00FA2602 /* shared.dylib */,
				CC2DA6BA2A1506AF00FA2602 /* uniffi-bindgen */,
			);
			name = Products;
			sourceTree = "<group>";
		};
		CC2DA6BB2A1506CC00FA2602 /* Frameworks */ = {
			isa = PBXGroup;
			children = (
			);
			name = Frameworks;
			sourceTree = "<group>";
		};
		CCF279612A1505B9002B1155 = {
			isa = PBXGroup;
			children = (
				CC5DAE692A150B2C00D6670E /* shared.udl */,
				CC5DAE662A150A3A00D6670E /* SharedTypes */,
				CC2DA6AF2A1506AF00FA2602 /* shared.xcodeproj */,
				CCF2796C2A1505B9002B1155 /* CatFacts */,
				CCF2796B2A1505B9002B1155 /* Products */,
				CC2DA6BB2A1506CC00FA2602 /* Frameworks */,
			);
			sourceTree = "<group>";
		};
		CCF2796B2A1505B9002B1155 /* Products */ = {
			isa = PBXGroup;
			children = (
				CCF2796A2A1505B9002B1155 /* CatFacts.app */,
			);
			name = Products;
			sourceTree = "<group>";
		};
		CCF2796C2A1505B9002B1155 /* CatFacts */ = {
			isa = PBXGroup;
			children = (
				CCF2796D2A1505B9002B1155 /* CatFactsApp.swift */,
				CCF2796F2A1505B9002B1155 /* ContentView.swift */,
				CCF279712A1505B9002B1155 /* Assets.xcassets */,
				CCF279732A1505B9002B1155 /* Preview Content */,
			);
			path = CatFacts;
			sourceTree = "<group>";
		};
		CCF279732A1505B9002B1155 /* Preview Content */ = {
			isa = PBXGroup;
			children = (
				CCF279742A1505B9002B1155 /* Preview Assets.xcassets */,
			);
			path = "Preview Content";
			sourceTree = "<group>";
		};
/* End PBXGroup section */

/* Begin PBXNativeTarget section */
		CCF279692A1505B9002B1155 /* CatFacts */ = {
			isa = PBXNativeTarget;
			buildConfigurationList = CCF279782A1505B9002B1155 /* Build configuration list for PBXNativeTarget "CatFacts" */;
			buildPhases = (
				CCF279662A1505B9002B1155 /* Sources */,
				CCF279672A1505B9002B1155 /* Frameworks */,
				CCF279682A1505B9002B1155 /* Resources */,
			);
			buildRules = (
				CC2DA6AE2A1505F300FA2602 /* PBXBuildRule */,
			);
			dependencies = (
			);
			name = CatFacts;
			packageProductDependencies = (
				CC5DAE672A150A4000D6670E /* SharedTypes */,
			);
			productName = CatFacts;
			productReference = CCF2796A2A1505B9002B1155 /* CatFacts.app */;
			productType = "com.apple.product-type.application";
		};
/* End PBXNativeTarget section */

/* Begin PBXProject section */
		CCF279622A1505B9002B1155 /* Project object */ = {
			isa = PBXProject;
			attributes = {
				BuildIndependentTargetsInParallel = 1;
				LastSwiftUpdateCheck = 1430;
				LastUpgradeCheck = 1430;
				TargetAttributes = {
					CCF279692A1505B9002B1155 = {
						CreatedOnToolsVersion = 14.3;
					};
				};
			};
			buildConfigurationList = CCF279652A1505B9002B1155 /* Build configuration list for PBXProject "CatFacts" */;
			compatibilityVersion = "Xcode 14.0";
			developmentRegion = en;
			hasScannedForEncodings = 0;
			knownRegions = (
				en,
				Base,
			);
			mainGroup = CCF279612A1505B9002B1155;
			productRefGroup = CCF2796B2A1505B9002B1155 /* Products */;
			projectDirPath = "";
			projectReferences = (
				{
					ProductGroup = CC2DA6B02A1506AF00FA2602 /* Products */;
					ProjectRef = CC2DA6AF2A1506AF00FA2602 /* shared.xcodeproj */;
				},
			);
			projectRoot = "";
			targets = (
				CCF279692A1505B9002B1155 /* CatFacts */,
			);
		};
/* End PBXProject section */

/* Begin PBXReferenceProxy section */
		CC2DA6B62A1506AF00FA2602 /* libshared_static.a */ = {
			isa = PBXReferenceProxy;
			fileType = archive.ar;
			path = libshared_static.a;
			remoteRef = CC2DA6B52A1506AF00FA2602 /* PBXContainerItemProxy */;
			sourceTree = BUILT_PRODUCTS_DIR;
		};
		CC2DA6B82A1506AF00FA2602 /* shared.dylib */ = {
			isa = PBXReferenceProxy;
			fileType = "compiled.mach-o.dylib";
			path = shared.dylib;
			remoteRef = CC2DA6B72A1506AF00FA2602 /* PBXContainerItemProxy */;
			sourceTree = BUILT_PRODUCTS_DIR;
		};
		CC2DA6BA2A1506AF00FA2602 /* uniffi-bindgen */ = {
			isa = PBXReferenceProxy;
			fileType = "compiled.mach-o.executable";
			path = "uniffi-bindgen";
			remoteRef = CC2DA6B92A1506AF00FA2602 /* PBXContainerItemProxy */;
			sourceTree = BUILT_PRODUCTS_DIR;
		};
/* End PBXReferenceProxy section */

/* Begin PBXResourcesBuildPhase section */
		CCF279682A1505B9002B1155 /* Resources */ = {
			isa = PBXResourcesBuildPhase;
			buildActionMask = 2147483647;
			files = (
				CCF279752A1505B9002B1155 /* Preview Assets.xcassets in Resources */,
				CCF279722A1505B9002B1155 /* Assets.xcassets in Resources */,
			);
			runOnlyForDeploymentPostprocessing = 0;
		};
/* End PBXResourcesBuildPhase section */

/* Begin PBXSourcesBuildPhase section */
		CCF279662A1505B9002B1155 /* Sources */ = {
			isa = PBXSourcesBuildPhase;
			buildActionMask = 2147483647;
			files = (
				CC5DAE6A2A150B2C00D6670E /* shared.udl in Sources */,
				CCF279702A1505B9002B1155 /* ContentView.swift in Sources */,
				CCF2796E2A1505B9002B1155 /* CatFactsApp.swift in Sources */,
			);
			runOnlyForDeploymentPostprocessing = 0;
		};
/* End PBXSourcesBuildPhase section */

/* Begin XCBuildConfiguration section */
		CCF279762A1505B9002B1155 /* Debug */ = {
			isa = XCBuildConfiguration;
			buildSettings = {
				ALWAYS_SEARCH_USER_PATHS = NO;
				CLANG_ANALYZER_NONNULL = YES;
				CLANG_ANALYZER_NUMBER_OBJECT_CONVERSION = YES_AGGRESSIVE;
				CLANG_CXX_LANGUAGE_STANDARD = "gnu++20";
				CLANG_ENABLE_MODULES = YES;
				CLANG_ENABLE_OBJC_ARC = YES;
				CLANG_ENABLE_OBJC_WEAK = YES;
				CLANG_WARN_BLOCK_CAPTURE_AUTORELEASING = YES;
				CLANG_WARN_BOOL_CONVERSION = YES;
				CLANG_WARN_COMMA = YES;
				CLANG_WARN_CONSTANT_CONVERSION = YES;
				CLANG_WARN_DEPRECATED_OBJC_IMPLEMENTATIONS = YES;
				CLANG_WARN_DIRECT_OBJC_ISA_USAGE = YES_ERROR;
				CLANG_WARN_DOCUMENTATION_COMMENTS = YES;
				CLANG_WARN_EMPTY_BODY = YES;
				CLANG_WARN_ENUM_CONVERSION = YES;
				CLANG_WARN_INFINITE_RECURSION = YES;
				CLANG_WARN_INT_CONVERSION = YES;
				CLANG_WARN_NON_LITERAL_NULL_CONVERSION = YES;
				CLANG_WARN_OBJC_IMPLICIT_RETAIN_SELF = YES;
				CLANG_WARN_OBJC_LITERAL_CONVERSION = YES;
				CLANG_WARN_OBJC_ROOT_CLASS = YES_ERROR;
				CLANG_WARN_QUOTED_INCLUDE_IN_FRAMEWORK_HEADER = YES;
				CLANG_WARN_RANGE_LOOP_ANALYSIS = YES;
				CLANG_WARN_STRICT_PROTOTYPES = YES;
				CLANG_WARN_SUSPICIOUS_MOVE = YES;
				CLANG_WARN_UNGUARDED_AVAILABILITY = YES_AGGRESSIVE;
				CLANG_WARN_UNREACHABLE_CODE = YES;
				CLANG_WARN__DUPLICATE_METHOD_MATCH = YES;
				COPY_PHASE_STRIP = NO;
				DEBUG_INFORMATION_FORMAT = dwarf;
				ENABLE_STRICT_OBJC_MSGSEND = YES;
				ENABLE_TESTABILITY = YES;
				GCC_C_LANGUAGE_STANDARD = gnu11;
				GCC_DYNAMIC_NO_PIC = NO;
				GCC_NO_COMMON_BLOCKS = YES;
				GCC_OPTIMIZATION_LEVEL = 0;
				GCC_PREPROCESSOR_DEFINITIONS = (
					"DEBUG=1",
					"$(inherited)",
				);
				GCC_WARN_64_TO_32_BIT_CONVERSION = YES;
				GCC_WARN_ABOUT_RETURN_TYPE = YES_ERROR;
				GCC_WARN_UNDECLARED_SELECTOR = YES;
				GCC_WARN_UNINITIALIZED_AUTOS = YES_AGGRESSIVE;
				GCC_WARN_UNUSED_FUNCTION = YES;
				GCC_WARN_UNUSED_VARIABLE = YES;
				IPHONEOS_DEPLOYMENT_TARGET = 16.4;
				MTL_ENABLE_DEBUG_INFO = INCLUDE_SOURCE;
				MTL_FAST_MATH = YES;
				ONLY_ACTIVE_ARCH = YES;
				SDKROOT = iphoneos;
				SWIFT_ACTIVE_COMPILATION_CONDITIONS = DEBUG;
				SWIFT_OPTIMIZATION_LEVEL = "-Onone";
			};
			name = Debug;
		};
		CCF279772A1505B9002B1155 /* Release */ = {
			isa = XCBuildConfiguration;
			buildSettings = {
				ALWAYS_SEARCH_USER_PATHS = NO;
				CLANG_ANALYZER_NONNULL = YES;
				CLANG_ANALYZER_NUMBER_OBJECT_CONVERSION = YES_AGGRESSIVE;
				CLANG_CXX_LANGUAGE_STANDARD = "gnu++20";
				CLANG_ENABLE_MODULES = YES;
				CLANG_ENABLE_OBJC_ARC = YES;
				CLANG_ENABLE_OBJC_WEAK = YES;
				CLANG_WARN_BLOCK_CAPTURE_AUTORELEASING = YES;
				CLANG_WARN_BOOL_CONVERSION = YES;
				CLANG_WARN_COMMA = YES;
				CLANG_WARN_CONSTANT_CONVERSION = YES;
				CLANG_WARN_DEPRECATED_OBJC_IMPLEMENTATIONS = YES;
				CLANG_WARN_DIRECT_OBJC_ISA_USAGE = YES_ERROR;
				CLANG_WARN_DOCUMENTATION_COMMENTS = YES;
				CLANG_WARN_EMPTY_BODY = YES;
				CLANG_WARN_ENUM_CONVERSION = YES;
				CLANG_WARN_INFINITE_RECURSION = YES;
				CLANG_WARN_INT_CONVERSION = YES;
				CLANG_WARN_NON_LITERAL_NULL_CONVERSION = YES;
				CLANG_WARN_OBJC_IMPLICIT_RETAIN_SELF = YES;
				CLANG_WARN_OBJC_LITERAL_CONVERSION = YES;
				CLANG_WARN_OBJC_ROOT_CLASS = YES_ERROR;
				CLANG_WARN_QUOTED_INCLUDE_IN_FRAMEWORK_HEADER = YES;
				CLANG_WARN_RANGE_LOOP_ANALYSIS = YES;
				CLANG_WARN_STRICT_PROTOTYPES = YES;
				CLANG_WARN_SUSPICIOUS_MOVE = YES;
				CLANG_WARN_UNGUARDED_AVAILABILITY = YES_AGGRESSIVE;
				CLANG_WARN_UNREACHABLE_CODE = YES;
				CLANG_WARN__DUPLICATE_METHOD_MATCH = YES;
				COPY_PHASE_STRIP = NO;
				DEBUG_INFORMATION_FORMAT = "dwarf-with-dsym";
				ENABLE_NS_ASSERTIONS = NO;
				ENABLE_STRICT_OBJC_MSGSEND = YES;
				GCC_C_LANGUAGE_STANDARD = gnu11;
				GCC_NO_COMMON_BLOCKS = YES;
				GCC_WARN_64_TO_32_BIT_CONVERSION = YES;
				GCC_WARN_ABOUT_RETURN_TYPE = YES_ERROR;
				GCC_WARN_UNDECLARED_SELECTOR = YES;
				GCC_WARN_UNINITIALIZED_AUTOS = YES_AGGRESSIVE;
				GCC_WARN_UNUSED_FUNCTION = YES;
				GCC_WARN_UNUSED_VARIABLE = YES;
				IPHONEOS_DEPLOYMENT_TARGET = 16.4;
				MTL_ENABLE_DEBUG_INFO = NO;
				MTL_FAST_MATH = YES;
				SDKROOT = iphoneos;
				SWIFT_COMPILATION_MODE = wholemodule;
				SWIFT_OPTIMIZATION_LEVEL = "-O";
				VALIDATE_PRODUCT = YES;
			};
			name = Release;
		};
		CCF279792A1505B9002B1155 /* Debug */ = {
			isa = XCBuildConfiguration;
			buildSettings = {
				ASSETCATALOG_COMPILER_APPICON_NAME = AppIcon;
				ASSETCATALOG_COMPILER_GLOBAL_ACCENT_COLOR_NAME = AccentColor;
				CODE_SIGN_STYLE = Automatic;
				CURRENT_PROJECT_VERSION = 1;
				DEVELOPMENT_ASSET_PATHS = "\"CatFacts/Preview Content\"";
				DEVELOPMENT_TEAM = E5DS2C9C62;
				ENABLE_PREVIEWS = YES;
				GENERATE_INFOPLIST_FILE = YES;
				INFOPLIST_KEY_UIApplicationSceneManifest_Generation = YES;
				INFOPLIST_KEY_UIApplicationSupportsIndirectInputEvents = YES;
				INFOPLIST_KEY_UILaunchScreen_Generation = YES;
				INFOPLIST_KEY_UISupportedInterfaceOrientations_iPad = "UIInterfaceOrientationPortrait UIInterfaceOrientationPortraitUpsideDown UIInterfaceOrientationLandscapeLeft UIInterfaceOrientationLandscapeRight";
				INFOPLIST_KEY_UISupportedInterfaceOrientations_iPhone = "UIInterfaceOrientationPortrait UIInterfaceOrientationLandscapeLeft UIInterfaceOrientationLandscapeRight";
				LD_RUNPATH_SEARCH_PATHS = (
					"$(inherited)",
					"@executable_path/Frameworks",
				);
				MARKETING_VERSION = 1.0;
				PRODUCT_BUNDLE_IDENTIFIER = com.redbadger.CatFacts;
				PRODUCT_NAME = "$(TARGET_NAME)";
				SWIFT_EMIT_LOC_STRINGS = YES;
				SWIFT_OBJC_BRIDGING_HEADER = generated/sharedFFI.h;
				SWIFT_VERSION = 5.0;
				TARGETED_DEVICE_FAMILY = "1,2";
			};
			name = Debug;
		};
		CCF2797A2A1505B9002B1155 /* Release */ = {
			isa = XCBuildConfiguration;
			buildSettings = {
				ASSETCATALOG_COMPILER_APPICON_NAME = AppIcon;
				ASSETCATALOG_COMPILER_GLOBAL_ACCENT_COLOR_NAME = AccentColor;
				CODE_SIGN_STYLE = Automatic;
				CURRENT_PROJECT_VERSION = 1;
				DEVELOPMENT_ASSET_PATHS = "\"CatFacts/Preview Content\"";
				DEVELOPMENT_TEAM = E5DS2C9C62;
				ENABLE_PREVIEWS = YES;
				GENERATE_INFOPLIST_FILE = YES;
				INFOPLIST_KEY_UIApplicationSceneManifest_Generation = YES;
				INFOPLIST_KEY_UIApplicationSupportsIndirectInputEvents = YES;
				INFOPLIST_KEY_UILaunchScreen_Generation = YES;
				INFOPLIST_KEY_UISupportedInterfaceOrientations_iPad = "UIInterfaceOrientationPortrait UIInterfaceOrientationPortraitUpsideDown UIInterfaceOrientationLandscapeLeft UIInterfaceOrientationLandscapeRight";
				INFOPLIST_KEY_UISupportedInterfaceOrientations_iPhone = "UIInterfaceOrientationPortrait UIInterfaceOrientationLandscapeLeft UIInterfaceOrientationLandscapeRight";
				LD_RUNPATH_SEARCH_PATHS = (
					"$(inherited)",
					"@executable_path/Frameworks",
				);
				MARKETING_VERSION = 1.0;
				PRODUCT_BUNDLE_IDENTIFIER = com.redbadger.CatFacts;
				PRODUCT_NAME = "$(TARGET_NAME)";
				SWIFT_EMIT_LOC_STRINGS = YES;
				SWIFT_OBJC_BRIDGING_HEADER = generated/sharedFFI.h;
				SWIFT_VERSION = 5.0;
				TARGETED_DEVICE_FAMILY = "1,2";
			};
			name = Release;
		};
/* End XCBuildConfiguration section */

/* Begin XCConfigurationList section */
		CCF279652A1505B9002B1155 /* Build configuration list for PBXProject "CatFacts" */ = {
			isa = XCConfigurationList;
			buildConfigurations = (
				CCF279762A1505B9002B1155 /* Debug */,
				CCF279772A1505B9002B1155 /* Release */,
			);
			defaultConfigurationIsVisible = 0;
			defaultConfigurationName = Release;
		};
		CCF279782A1505B9002B1155 /* Build configuration list for PBXNativeTarget "CatFacts" */ = {
			isa = XCConfigurationList;
			buildConfigurations = (
				CCF279792A1505B9002B1155 /* Debug */,
				CCF2797A2A1505B9002B1155 /* Release */,
			);
			defaultConfigurationIsVisible = 0;
			defaultConfigurationName = Release;
		};
/* End XCConfigurationList section */

/* Begin XCSwiftPackageProductDependency section */
		CC5DAE672A150A4000D6670E /* SharedTypes */ = {
			isa = XCSwiftPackageProductDependency;
			productName = SharedTypes;
		};
/* End XCSwiftPackageProductDependency section */
	};
	rootObject = CCF279622A1505B9002B1155 /* Project object */;
}
