// !$*UTF8*$!
{
	archiveVersion = 1;
	classes = {
	};
	objectVersion = 77;
	objects = {

/* Begin PBXBuildFile section */
		1DD12F8F777AE0B845A41A25 /* http.swift in Sources */ = {isa = PBXBuildFile; fileRef = 8538B3F4FC8472F5C93ACD80 /* http.swift */; };
		334B08822AC4D801207951A0 /* Assets.xcassets in Resources */ = {isa = PBXBuildFile; fileRef = 6F004D450518226D7B50A267 /* Assets.xcassets */; };
		5CB93AF904772A9440AC765F /* ContentView.swift in Sources */ = {isa = PBXBuildFile; fileRef = 1E4056BAC32CC8AC7A9740CA /* ContentView.swift */; };
		7D03E7045F57CA28148D2CA4 /* core.swift in Sources */ = {isa = PBXBuildFile; fileRef = 194A00C08EEF11C3CC1340EE /* core.swift */; };
		831E091105B555E7D0085CF4 /* Preview Assets.xcassets in Resources */ = {isa = PBXBuildFile; fileRef = BEED0A11FB2044F35FBCD25B /* Preview Assets.xcassets */; };
		8CEEE500CE6BE0647260B67F /* Shared in Frameworks */ = {isa = PBXBuildFile; productRef = B72F4E4D03E703C8A7935E0A /* Shared */; };
		91A375A39D8A4F827B873AF3 /* CatFactsApp.swift in Sources */ = {isa = PBXBuildFile; fileRef = 17F008C3C1A819A3D7658E59 /* CatFactsApp.swift */; };
		ADCC603ED2B12C3F332C011F /* App in Frameworks */ = {isa = PBXBuildFile; productRef = 3298470346CE32E7D866095A /* App */; };
/* End PBXBuildFile section */

/* Begin PBXFileReference section */
		05930D520A7287FC62F52711 /* Shared */ = {isa = PBXFileReference; lastKnownFileType = folder; name = Shared; path = generated/Shared; sourceTree = SOURCE_ROOT; };
		17F008C3C1A819A3D7658E59 /* CatFactsApp.swift */ = {isa = PBXFileReference; lastKnownFileType = sourcecode.swift; path = CatFactsApp.swift; sourceTree = "<group>"; };
		194A00C08EEF11C3CC1340EE /* core.swift */ = {isa = PBXFileReference; lastKnownFileType = sourcecode.swift; path = core.swift; sourceTree = "<group>"; };
		1E4056BAC32CC8AC7A9740CA /* ContentView.swift */ = {isa = PBXFileReference; lastKnownFileType = sourcecode.swift; path = ContentView.swift; sourceTree = "<group>"; };
		53D1C55C4BA123934EB1F97E /* App */ = {isa = PBXFileReference; lastKnownFileType = folder; name = App; path = generated/App; sourceTree = SOURCE_ROOT; };
		6F004D450518226D7B50A267 /* Assets.xcassets */ = {isa = PBXFileReference; lastKnownFileType = folder.assetcatalog; path = Assets.xcassets; sourceTree = "<group>"; };
		8538B3F4FC8472F5C93ACD80 /* http.swift */ = {isa = PBXFileReference; lastKnownFileType = sourcecode.swift; path = http.swift; sourceTree = "<group>"; };
		85AA482E612CD48B918497C9 /* CatFacts.app */ = {isa = PBXFileReference; includeInIndex = 0; lastKnownFileType = wrapper.application; path = CatFacts.app; sourceTree = BUILT_PRODUCTS_DIR; };
		BA04D6CC7F18E9A653D26BDD /* Info.plist */ = {isa = PBXFileReference; lastKnownFileType = text.plist; path = Info.plist; sourceTree = "<group>"; };
		BEED0A11FB2044F35FBCD25B /* Preview Assets.xcassets */ = {isa = PBXFileReference; lastKnownFileType = folder.assetcatalog; path = "Preview Assets.xcassets"; sourceTree = "<group>"; };
/* End PBXFileReference section */

/* Begin PBXFrameworksBuildPhase section */
		32E37407E09C303EE44B4C29 /* Frameworks */ = {
			isa = PBXFrameworksBuildPhase;
			buildActionMask = 2147483647;
			files = (
				8CEEE500CE6BE0647260B67F /* Shared in Frameworks */,
				ADCC603ED2B12C3F332C011F /* App in Frameworks */,
			);
			runOnlyForDeploymentPostprocessing = 0;
		};
/* End PBXFrameworksBuildPhase section */

/* Begin PBXGroup section */
		0ECDC98F0209A1C6F2CAA14D /* CatFacts */ = {
			isa = PBXGroup;
			children = (
				6F004D450518226D7B50A267 /* Assets.xcassets */,
				17F008C3C1A819A3D7658E59 /* CatFactsApp.swift */,
				1E4056BAC32CC8AC7A9740CA /* ContentView.swift */,
				194A00C08EEF11C3CC1340EE /* core.swift */,
				8538B3F4FC8472F5C93ACD80 /* http.swift */,
				BA04D6CC7F18E9A653D26BDD /* Info.plist */,
				B5007F506D99687AEC368328 /* Preview Content */,
			);
			path = CatFacts;
			sourceTree = "<group>";
		};
		B5007F506D99687AEC368328 /* Preview Content */ = {
			isa = PBXGroup;
			children = (
				BEED0A11FB2044F35FBCD25B /* Preview Assets.xcassets */,
			);
			path = "Preview Content";
			sourceTree = "<group>";
		};
		C4A5B9BF461AAFDF4CBFCCBD = {
			isa = PBXGroup;
			children = (
				0ECDC98F0209A1C6F2CAA14D /* CatFacts */,
				CFF2128F5908E2CBC07A8E3E /* Packages */,
				D3FCB02205D19ED1EDA7794F /* Products */,
			);
			sourceTree = "<group>";
		};
		CFF2128F5908E2CBC07A8E3E /* Packages */ = {
			isa = PBXGroup;
			children = (
				53D1C55C4BA123934EB1F97E /* App */,
				05930D520A7287FC62F52711 /* Shared */,
			);
			name = Packages;
			sourceTree = "<group>";
		};
		D3FCB02205D19ED1EDA7794F /* Products */ = {
			isa = PBXGroup;
			children = (
				85AA482E612CD48B918497C9 /* CatFacts.app */,
			);
			name = Products;
			sourceTree = "<group>";
		};
/* End PBXGroup section */

/* Begin PBXNativeTarget section */
		29E68E98E1C7D4DB6459D09A /* CatFacts */ = {
			isa = PBXNativeTarget;
			buildConfigurationList = E4B2439A59895E897FF0E533 /* Build configuration list for PBXNativeTarget "CatFacts" */;
			buildPhases = (
				E1A5EC4560D091F83DC11375 /* Sources */,
				17C3C3744E3DC17C1662F83C /* Resources */,
				32E37407E09C303EE44B4C29 /* Frameworks */,
			);
			buildRules = (
			);
			dependencies = (
			);
			name = CatFacts;
			packageProductDependencies = (
				B72F4E4D03E703C8A7935E0A /* Shared */,
				3298470346CE32E7D866095A /* App */,
			);
			productName = CatFacts;
			productReference = 85AA482E612CD48B918497C9 /* CatFacts.app */;
			productType = "com.apple.product-type.application";
		};
/* End PBXNativeTarget section */

/* Begin PBXProject section */
		1BF6618453A1A98F8CF01E3F /* Project object */ = {
			isa = PBXProject;
			attributes = {
				BuildIndependentTargetsInParallel = YES;
				LastUpgradeCheck = 1430;
			};
			buildConfigurationList = 10A7DA8EB465ED1610BFC66E /* Build configuration list for PBXProject "CatFacts" */;
			compatibilityVersion = "Xcode 14.0";
			developmentRegion = en;
			hasScannedForEncodings = 0;
			knownRegions = (
				Base,
				en,
			);
			mainGroup = C4A5B9BF461AAFDF4CBFCCBD;
			minimizedProjectReferenceProxies = 1;
			packageReferences = (
				6E0F4B21BB4750445CD4AFFA /* XCLocalSwiftPackageReference "generated/App" */,
				93AB7C3A9C699294CF526F7C /* XCLocalSwiftPackageReference "generated/Shared" */,
			);
			preferredProjectObjectVersion = 77;
			projectDirPath = "";
			projectRoot = "";
			targets = (
				29E68E98E1C7D4DB6459D09A /* CatFacts */,
			);
		};
/* End PBXProject section */

/* Begin PBXResourcesBuildPhase section */
		17C3C3744E3DC17C1662F83C /* Resources */ = {
			isa = PBXResourcesBuildPhase;
			buildActionMask = 2147483647;
			files = (
				334B08822AC4D801207951A0 /* Assets.xcassets in Resources */,
				831E091105B555E7D0085CF4 /* Preview Assets.xcassets in Resources */,
			);
			runOnlyForDeploymentPostprocessing = 0;
		};
/* End PBXResourcesBuildPhase section */

/* Begin PBXSourcesBuildPhase section */
		E1A5EC4560D091F83DC11375 /* Sources */ = {
			isa = PBXSourcesBuildPhase;
			buildActionMask = 2147483647;
			files = (
				91A375A39D8A4F827B873AF3 /* CatFactsApp.swift in Sources */,
				5CB93AF904772A9440AC765F /* ContentView.swift in Sources */,
				7D03E7045F57CA28148D2CA4 /* core.swift in Sources */,
				1DD12F8F777AE0B845A41A25 /* http.swift in Sources */,
			);
			runOnlyForDeploymentPostprocessing = 0;
		};
/* End PBXSourcesBuildPhase section */

/* Begin XCBuildConfiguration section */
		00C10B6209E55F190CAFDF25 /* Debug */ = {
			isa = XCBuildConfiguration;
			buildSettings = {
				ALWAYS_SEARCH_USER_PATHS = NO;
				CLANG_ANALYZER_NONNULL = YES;
				CLANG_ANALYZER_NUMBER_OBJECT_CONVERSION = YES_AGGRESSIVE;
				CLANG_CXX_LANGUAGE_STANDARD = "gnu++14";
				CLANG_CXX_LIBRARY = "libc++";
				CLANG_ENABLE_MODULES = YES;
				CLANG_ENABLE_OBJC_ARC = YES;
				CLANG_ENABLE_OBJC_WEAK = YES;
				CLANG_WARN_BLOCK_CAPTURE_AUTORELEASING = YES;
				CLANG_WARN_BOOL_CONVERSION = YES;
				CLANG_WARN_COMMA = YES;
				CLANG_WARN_CONSTANT_CONVERSION = YES;
				CLANG_WARN_DEPRECATED_OBJC_IMPLEMENTATIONS = YES;
				CLANG_WARN_DIRECT_OBJC_ISA_USAGE = YES_ERROR;
				CLANG_WARN_DOCUMENTATION_COMMENTS = YES;
				CLANG_WARN_EMPTY_BODY = YES;
				CLANG_WARN_ENUM_CONVERSION = YES;
				CLANG_WARN_INFINITE_RECURSION = YES;
				CLANG_WARN_INT_CONVERSION = YES;
				CLANG_WARN_NON_LITERAL_NULL_CONVERSION = YES;
				CLANG_WARN_OBJC_IMPLICIT_RETAIN_SELF = YES;
				CLANG_WARN_OBJC_LITERAL_CONVERSION = YES;
				CLANG_WARN_OBJC_ROOT_CLASS = YES_ERROR;
				CLANG_WARN_QUOTED_INCLUDE_IN_FRAMEWORK_HEADER = YES;
				CLANG_WARN_RANGE_LOOP_ANALYSIS = YES;
				CLANG_WARN_STRICT_PROTOTYPES = YES;
				CLANG_WARN_SUSPICIOUS_MOVE = YES;
				CLANG_WARN_UNGUARDED_AVAILABILITY = YES_AGGRESSIVE;
				CLANG_WARN_UNREACHABLE_CODE = YES;
				CLANG_WARN__DUPLICATE_METHOD_MATCH = YES;
				COPY_PHASE_STRIP = NO;
				DEBUG_INFORMATION_FORMAT = dwarf;
				ENABLE_STRICT_OBJC_MSGSEND = YES;
				ENABLE_TESTABILITY = YES;
				GCC_C_LANGUAGE_STANDARD = gnu11;
				GCC_DYNAMIC_NO_PIC = NO;
				GCC_NO_COMMON_BLOCKS = YES;
				GCC_OPTIMIZATION_LEVEL = 0;
				GCC_PREPROCESSOR_DEFINITIONS = (
					"$(inherited)",
					"DEBUG=1",
				);
				GCC_WARN_64_TO_32_BIT_CONVERSION = YES;
				GCC_WARN_ABOUT_RETURN_TYPE = YES_ERROR;
				GCC_WARN_UNDECLARED_SELECTOR = YES;
				GCC_WARN_UNINITIALIZED_AUTOS = YES_AGGRESSIVE;
				GCC_WARN_UNUSED_FUNCTION = YES;
				GCC_WARN_UNUSED_VARIABLE = YES;
				MTL_ENABLE_DEBUG_INFO = INCLUDE_SOURCE;
				MTL_FAST_MATH = YES;
				ONLY_ACTIVE_ARCH = YES;
				PRODUCT_NAME = "$(TARGET_NAME)";
				SDKROOT = iphoneos;
				SWIFT_ACTIVE_COMPILATION_CONDITIONS = DEBUG;
				SWIFT_OPTIMIZATION_LEVEL = "-Onone";
				SWIFT_VERSION = 5.0;
			};
			name = Debug;
		};
		729C36980AF4E7BF5212B68E /* Release */ = {
			isa = XCBuildConfiguration;
			buildSettings = {
				ALWAYS_SEARCH_USER_PATHS = NO;
				CLANG_ANALYZER_NONNULL = YES;
				CLANG_ANALYZER_NUMBER_OBJECT_CONVERSION = YES_AGGRESSIVE;
				CLANG_CXX_LANGUAGE_STANDARD = "gnu++14";
				CLANG_CXX_LIBRARY = "libc++";
				CLANG_ENABLE_MODULES = YES;
				CLANG_ENABLE_OBJC_ARC = YES;
				CLANG_ENABLE_OBJC_WEAK = YES;
				CLANG_WARN_BLOCK_CAPTURE_AUTORELEASING = YES;
				CLANG_WARN_BOOL_CONVERSION = YES;
				CLANG_WARN_COMMA = YES;
				CLANG_WARN_CONSTANT_CONVERSION = YES;
				CLANG_WARN_DEPRECATED_OBJC_IMPLEMENTATIONS = YES;
				CLANG_WARN_DIRECT_OBJC_ISA_USAGE = YES_ERROR;
				CLANG_WARN_DOCUMENTATION_COMMENTS = YES;
				CLANG_WARN_EMPTY_BODY = YES;
				CLANG_WARN_ENUM_CONVERSION = YES;
				CLANG_WARN_INFINITE_RECURSION = YES;
				CLANG_WARN_INT_CONVERSION = YES;
				CLANG_WARN_NON_LITERAL_NULL_CONVERSION = YES;
				CLANG_WARN_OBJC_IMPLICIT_RETAIN_SELF = YES;
				CLANG_WARN_OBJC_LITERAL_CONVERSION = YES;
				CLANG_WARN_OBJC_ROOT_CLASS = YES_ERROR;
				CLANG_WARN_QUOTED_INCLUDE_IN_FRAMEWORK_HEADER = YES;
				CLANG_WARN_RANGE_LOOP_ANALYSIS = YES;
				CLANG_WARN_STRICT_PROTOTYPES = YES;
				CLANG_WARN_SUSPICIOUS_MOVE = YES;
				CLANG_WARN_UNGUARDED_AVAILABILITY = YES_AGGRESSIVE;
				CLANG_WARN_UNREACHABLE_CODE = YES;
				CLANG_WARN__DUPLICATE_METHOD_MATCH = YES;
				COPY_PHASE_STRIP = NO;
				DEBUG_INFORMATION_FORMAT = "dwarf-with-dsym";
				ENABLE_NS_ASSERTIONS = NO;
				ENABLE_STRICT_OBJC_MSGSEND = YES;
				GCC_C_LANGUAGE_STANDARD = gnu11;
				GCC_NO_COMMON_BLOCKS = YES;
				GCC_WARN_64_TO_32_BIT_CONVERSION = YES;
				GCC_WARN_ABOUT_RETURN_TYPE = YES_ERROR;
				GCC_WARN_UNDECLARED_SELECTOR = YES;
				GCC_WARN_UNINITIALIZED_AUTOS = YES_AGGRESSIVE;
				GCC_WARN_UNUSED_FUNCTION = YES;
				GCC_WARN_UNUSED_VARIABLE = YES;
				MTL_ENABLE_DEBUG_INFO = NO;
				MTL_FAST_MATH = YES;
				PRODUCT_NAME = "$(TARGET_NAME)";
				SDKROOT = iphoneos;
				SWIFT_COMPILATION_MODE = wholemodule;
				SWIFT_OPTIMIZATION_LEVEL = "-O";
				SWIFT_VERSION = 5.0;
			};
			name = Release;
		};
		9C50312AAA0AD55228C5C641 /* Release */ = {
			isa = XCBuildConfiguration;
			buildSettings = {
				ASSETCATALOG_COMPILER_APPICON_NAME = AppIcon;
				CODE_SIGN_IDENTITY = "iPhone Developer";
				INFOPLIST_FILE = CatFacts/Info.plist;
				IPHONEOS_DEPLOYMENT_TARGET = 18.0;
				LD_RUNPATH_SEARCH_PATHS = (
					"$(inherited)",
					"@executable_path/Frameworks",
				);
				PRODUCT_BUNDLE_IDENTIFIER = "com.example.bridge-perf.CatFacts";
				SDKROOT = iphoneos;
				TARGETED_DEVICE_FAMILY = "1,2";
			};
			name = Release;
		};
		D70F62F9308AA2CA3466EB5C /* Debug */ = {
			isa = XCBuildConfiguration;
			buildSettings = {
				ASSETCATALOG_COMPILER_APPICON_NAME = AppIcon;
				CODE_SIGN_IDENTITY = "iPhone Developer";
				INFOPLIST_FILE = CatFacts/Info.plist;
				IPHONEOS_DEPLOYMENT_TARGET = 18.0;
				LD_RUNPATH_SEARCH_PATHS = (
					"$(inherited)",
					"@executable_path/Frameworks",
				);
				PRODUCT_BUNDLE_IDENTIFIER = "com.example.bridge-perf.CatFacts";
				SDKROOT = iphoneos;
				TARGETED_DEVICE_FAMILY = "1,2";
			};
			name = Debug;
		};
/* End XCBuildConfiguration section */

/* Begin XCConfigurationList section */
		10A7DA8EB465ED1610BFC66E /* Build configuration list for PBXProject "CatFacts" */ = {
			isa = XCConfigurationList;
			buildConfigurations = (
				00C10B6209E55F190CAFDF25 /* Debug */,
				729C36980AF4E7BF5212B68E /* Release */,
			);
			defaultConfigurationIsVisible = 0;
			defaultConfigurationName = Debug;
		};
		E4B2439A59895E897FF0E533 /* Build configuration list for PBXNativeTarget "CatFacts" */ = {
			isa = XCConfigurationList;
			buildConfigurations = (
				D70F62F9308AA2CA3466EB5C /* Debug */,
				9C50312AAA0AD55228C5C641 /* Release */,
			);
			defaultConfigurationIsVisible = 0;
			defaultConfigurationName = Debug;
		};
/* End XCConfigurationList section */

/* Begin XCLocalSwiftPackageReference section */
		6E0F4B21BB4750445CD4AFFA /* XCLocalSwiftPackageReference "generated/App" */ = {
			isa = XCLocalSwiftPackageReference;
			relativePath = generated/App;
		};
		93AB7C3A9C699294CF526F7C /* XCLocalSwiftPackageReference "generated/Shared" */ = {
			isa = XCLocalSwiftPackageReference;
			relativePath = generated/Shared;
		};
/* End XCLocalSwiftPackageReference section */

/* Begin XCSwiftPackageProductDependency section */
		3298470346CE32E7D866095A /* App */ = {
			isa = XCSwiftPackageProductDependency;
			productName = App;
		};
		B72F4E4D03E703C8A7935E0A /* Shared */ = {
			isa = XCSwiftPackageProductDependency;
			productName = Shared;
		};
/* End XCSwiftPackageProductDependency section */
	};
	rootObject = 1BF6618453A1A98F8CF01E3F /* Project object */;
}
