# This file is automatically @generated by Cargo.
# It is not intended for manual editing.
version = 4

[[package]]
name = "autocfg"
version = "1.5.1"
source = "registry+https://github.com/rust-lang/crates.io-index"
checksum = "f2032f911046de80f0a198e0901378627c33f59ea0ac00e363d481118bd70a53"

[[package]]
name = "const-fnv1a-hash"
version = "1.1.0"
source = "registry+https://github.com/rust-lang/crates.io-index"
checksum = "32b13ea120a812beba79e34316b3942a857c86ec1593cb34f27bb28272ce2cca"

[[package]]
name = "cpb-counter-heap-probe"
version = "0.1.0"
dependencies = [
 "critical-section",
 "crux_core",
 "shared",
]

[[package]]
name = "critical-section"
version = "1.2.0"
source = "registry+https://github.com/rust-lang/crates.io-index"
checksum = "790eea4361631c5e7d22598ecd5723ff611904e3344ce8720784c93e3d83d40b"

[[package]]
name = "crux_core"
version = "0.21.0"
dependencies = [
 "critical-section",
 "crux_macros",
 "facet",
 "futures",
 "serde",
 "slab",
 "thiserror",
 "try-lock",
]

[[package]]
name = "crux_macros"
version = "0.11.0"
dependencies = [
 "darling",
 "heck",
 "proc-macro-error",
 "proc-macro2",
 "quote",
 "syn 3.0.6",
]

[[package]]
name = "darling"
version = "0.24.1"
source = "registry+https://github.com/rust-lang/crates.io-index"
checksum = "ed17f5901b6630b993ca003def43f2f8ef4014fc13b047b57aad617ff32bc2ec"
dependencies = [
 "darling_core",
 "darling_macro",
]

[[package]]
name = "darling_core"
version = "0.24.1"
source = "registry+https://github.com/rust-lang/crates.io-index"
checksum = "6837e2cf7485aaae18f86181d2f0e9a7ed297a025e220aeabf63fdebd3a2ddff"
dependencies = [
 "ident_case",
 "proc-macro2",
 "quote",
 "strsim",
 "syn 3.0.6",
]

[[package]]
name = "darling_macro"
version = "0.24.1"
source = "registry+https://github.com/rust-lang/crates.io-index"
checksum = "2ac7135c3ef02b2f7833bbeb1be5ba7f966dcde8a87c6b87f65a778d71a02785"
dependencies = [
 "darling_core",
 "quote",
 "syn 3.0.6",
]

[[package]]
name = "facet"
version = "0.46.5"
source = "registry+https://github.com/rust-lang/crates.io-index"
checksum = "df488bcda61dde160301ee6bce43d42397db599ffc689381a1873b5f035135f9"
dependencies = [
 "autocfg",
 "facet-core",
 "facet-macros",
]

[[package]]
name = "facet-core"
version = "0.46.5"
source = "registry+https://github.com/rust-lang/crates.io-index"
checksum = "c33cf9d80307e9a29f93e5a65ddb65b227b5fa082d649c65d4083345f5d398d0"
dependencies = [
 "autocfg",
 "const-fnv1a-hash",
 "impls",
]

[[package]]
name = "facet-macro-parse"
version = "0.46.5"
source = "registry+https://github.com/rust-lang/crates.io-index"
checksum = "c5ab349bd1823fbfa129e595a826ef7fb4d1b9c7215428b28de18044d009dbc1"
dependencies = [
 "facet-macro-types",
 "proc-macro2",
 "quote",
]

[[package]]
name = "facet-macro-types"
version = "0.46.5"
source = "registry+https://github.com/rust-lang/crates.io-index"
checksum = "79622a74665b47d1744998dd0d15b73eb0eecdfeb16630b436c5f03365b02e55"
dependencies = [
 "proc-macro2",
 "quote",
 "unsynn",
]

[[package]]
name = "facet-macros"
version = "0.46.5"
source = "registry+https://github.com/rust-lang/crates.io-index"
checksum = "a6656fc7457975f5e1c86791b7a810c40ba53993823ae655f7c331e808c4b5ff"
dependencies = [
 "facet-macros-impl",
]

[[package]]
name = "facet-macros-impl"
version = "0.46.5"
source = "registry+https://github.com/rust-lang/crates.io-index"
checksum = "f462bad2b5a574b2c94e9ad54162704ceacf3200741b4f0fb88020936b9003ec"
dependencies = [
 "facet-macro-parse",
 "facet-macro-types",
 "proc-macro2",
 "quote",
 "unsynn",
]

[[package]]
name = "futures"
version = "0.3.34"
source = "registry+https://github.com/rust-lang/crates.io-index"
checksum = "9a31d2a3fbaaeb2af2368bbdd904aa8e812d3c04a1ee10d3171f52d556e5d0a3"
dependencies = [
 "futures-channel",
 "futures-core",
 "futures-io",
 "futures-sink",
 "futures-task",
 "futures-util",
]

[[package]]
name = "futures-channel"
version = "0.3.34"
source = "registry+https://github.com/rust-lang/crates.io-index"
checksum = "b1f9e3d69d39e4862ffed03ed071a76f9a13ba1d9109d355b0f0aa6b15e393c4"
dependencies = [
 "futures-core",
 "futures-sink",
]

[[package]]
name = "futures-core"
version = "0.3.34"
source = "registry+https://github.com/rust-lang/crates.io-index"
checksum = "92d699e522242e69e3003b94ecc1f960f3a5e015aa7c5d7486e65ad01dd94f5e"

[[package]]
name = "futures-io"
version = "0.3.34"
source = "registry+https://github.com/rust-lang/crates.io-index"
checksum = "53c0fa8157de1303bfffdaa1cc2a673bfffb60102f76b0ef4441659124373fed"

[[package]]
name = "futures-sink"
version = "0.3.34"
source = "registry+https://github.com/rust-lang/crates.io-index"
checksum = "1944426bf7d03f1d14f708785e4b33efd750b36d48a157b836b3efc15ede8e1d"

[[package]]
name = "futures-task"
version = "0.3.34"
source = "registry+https://github.com/rust-lang/crates.io-index"
checksum = "cd417de3d1d015fc3bfd2b1ea46dfc7bab72ef86f1cc7cc9c78e728b34a6d1fd"

[[package]]
name = "futures-util"
version = "0.3.34"
source = "registry+https://github.com/rust-lang/crates.io-index"
checksum = "0d50a92467f8ba5dd6e3ee5d4bd04d73ab2e4e1c44474a0674821dfce14b79bc"
dependencies = [
 "futures-core",
 "futures-sink",
 "futures-task",
 "pin-project-lite",
 "slab",
]

[[package]]
name = "heck"
version = "0.5.0"
source = "registry+https://github.com/rust-lang/crates.io-index"
checksum = "2304e00983f87ffb38b55b444b5e3b60a884b5d30c0fca7d82fe33449bbe55ea"

[[package]]
name = "ident_case"
version = "1.0.1"
source = "registry+https://github.com/rust-lang/crates.io-index"
checksum = "b9e0384b61958566e926dc50660321d12159025e767c18e043daf26b70104c39"

[[package]]
name = "impls"
version = "1.0.3"
source = "registry+https://github.com/rust-lang/crates.io-index"
checksum = "7a46645bbd70538861a90d0f26c31537cdf1e44aae99a794fb75a664b70951bc"

[[package]]
name = "mutants"
version = "0.0.3"
source = "registry+https://github.com/rust-lang/crates.io-index"
checksum = "bc0287524726960e07b119cebd01678f852f147742ae0d925e6a520dca956126"

[[package]]
name = "pin-project-lite"
version = "0.2.17"
source = "registry+https://github.com/rust-lang/crates.io-index"
checksum = "a89322df9ebe1c1578d689c92318e070967d1042b512afbe49518723f4e6d5cd"

[[package]]
name = "proc-macro-error"
version = "1.0.4"
source = "registry+https://github.com/rust-lang/crates.io-index"
checksum = "da25490ff9892aab3fcf7c36f08cfb902dd3e71ca0f9f9517bea02a73a5ce38c"
dependencies = [
 "proc-macro-error-attr",
 "proc-macro2",
 "quote",
 "syn 1.0.109",
 "version_check",
]

[[package]]
name = "proc-macro-error-attr"
version = "1.0.4"
source = "registry+https://github.com/rust-lang/crates.io-index"
checksum = "a1be40180e52ecc98ad80b184934baf3d0d29f979574e439af5a55274b35f869"
dependencies = [
 "proc-macro2",
 "quote",
 "version_check",
]

[[package]]
name = "proc-macro2"
version = "1.0.107"
source = "registry+https://github.com/rust-lang/crates.io-index"
checksum = "985e7ec9bb745e6ce6535b544d84d6cd6f7ad8bd711c398938ae983b91a766d9"
dependencies = [
 "unicode-ident",
]

[[package]]
name = "quote"
version = "1.0.47"
source = "registry+https://github.com/rust-lang/crates.io-index"
checksum = "1fbf4db142a473a8d80c26bbf18454ed458bf8d26c8219c331daecfdbd079001"
dependencies = [
 "proc-macro2",
]

[[package]]
name = "rustc-hash"
version = "2.1.3"
source = "registry+https://github.com/rust-lang/crates.io-index"
checksum = "6b1e7f9a428571be2dc5bc0505c13fb6bf936822b894ec87abf8a08a4e51742d"

[[package]]
name = "serde"
version = "1.0.229"
source = "registry+https://github.com/rust-lang/crates.io-index"
checksum = "4148590afebada386688f18773da617792bf2ef03ffc1e4cbd2b1d45b023e0ba"
dependencies = [
 "serde_core",
 "serde_derive",
]

[[package]]
name = "serde_core"
version = "1.0.229"
source = "registry+https://github.com/rust-lang/crates.io-index"
checksum = "67dca2c9c51e58a4791a4b1ed58308b39c64224d349a935ab5039aa360942a48"
dependencies = [
 "serde_derive",
]

[[package]]
name = "serde_derive"
version = "1.0.229"
source = "registry+https://github.com/rust-lang/crates.io-index"
checksum = "e7a5d71263a5a7d47b41f6b3f06ba276f10cc18b0931f1799f710578e2309348"
dependencies = [
 "proc-macro2",
 "quote",
 "syn 3.0.6",
]

[[package]]
name = "shared"
version = "0.1.0"
dependencies = [
 "crux_core",
 "facet",
 "serde",
]

[[package]]
name = "slab"
version = "0.4.12"
source = "registry+https://github.com/rust-lang/crates.io-index"
checksum = "0c790de23124f9ab44544d7ac05d60440adc586479ce501c1d6d7da3cd8c9cf5"

[[package]]
name = "strsim"
version = "0.11.1"
source = "registry+https://github.com/rust-lang/crates.io-index"
checksum = "7da8b5736845d9f2fcb837ea5d9e2628564b3b043a70948a3f0b778838c5fb4f"

[[package]]
name = "syn"
version = "1.0.109"
source = "registry+https://github.com/rust-lang/crates.io-index"
checksum = "72b64191b275b66ffe2469e8af2c1cfe3bafa67b529ead792a6d0160888b4237"
dependencies = [
 "proc-macro2",
 "unicode-ident",
]

[[package]]
name = "syn"
version = "3.0.6"
source = "registry+https://github.com/rust-lang/crates.io-index"
checksum = "8593e8e72159ed2257d083c7a454a85cbf854f37a0966d8d483aff8c8a3ebcee"
dependencies = [
 "proc-macro2",
 "quote",
 "unicode-ident",
]

[[package]]
name = "thiserror"
version = "2.0.21"
source = "registry+https://github.com/rust-lang/crates.io-index"
checksum = "09e52cb86a36cede5cb101bf8908837b3e4c6e5e59fe7fd85c23fb56200d189e"
dependencies = [
 "thiserror-impl",
]

[[package]]
name = "thiserror-impl"
version = "2.0.21"
source = "registry+https://github.com/rust-lang/crates.io-index"
checksum = "fe5197923287db20a58125f0bc85c062f7f2c892de97b18c356f9efb14b28524"
dependencies = [
 "proc-macro2",
 "quote",
 "syn 3.0.6",
]

[[package]]
name = "try-lock"
version = "0.2.5"
source = "registry+https://github.com/rust-lang/crates.io-index"
checksum = "e421abadd41a4225275504ea4d6566923418b7f05506fbc9c0fe86ba7396114b"

[[package]]
name = "unicode-ident"
version = "1.0.26"
source = "registry+https://github.com/rust-lang/crates.io-index"
checksum = "d245f478577f809a851594d02313b640fb437e0bb33866753cff937863096954"

[[package]]
name = "unsynn"
version = "0.3.0"
source = "registry+https://github.com/rust-lang/crates.io-index"
checksum = "501a7adf1a4bd9951501e5c66621e972ef8874d787628b7f90e64f936ef7ec0a"
dependencies = [
 "mutants",
 "proc-macro2",
 "rustc-hash",
]

[[package]]
name = "version_check"
version = "0.9.5"
source = "registry+https://github.com/rust-lang/crates.io-index"
checksum = "0b928f33d975fc6ad9f86c8f283853ad26bdd5b10b7f1542aa2fa15e2289105a"
