// !$*UTF8*$!
{
	archiveVersion = 1;
	classes = {
	};
	objectVersion = 56;
	objects = {

/* Begin PBXBuildFile section */
		1989BD3C863A9FB37C889B6D /* SharedTypes in Frameworks */ = {isa = PBXBuildFile; productRef = ADFA4530638891CDAA6FCC5D /* SharedTypes */; };
		2AD69AC61D674BB2BC300FC2 /* uniffi-bindgen in Resources */ = {isa = PBXBuildFile; fileRef = E75E53B837C6A0E03FDCEC5A /* uniffi-bindgen */; settings = {ATTRIBUTES = (RemoveHeadersOnCopy, ); }; };
		401EA3CBD0D2AD8D475C10AF /* ContentView.swift in Sources */ = {isa = PBXBuildFile; fileRef = 842F8D01CC76E9BFCDBD2862 /* ContentView.swift */; };
		94DCD6C97BBC86B89673CA0E /* core.swift in Sources */ = {isa = PBXBuildFile; fileRef = 258EC994D7C693E3141C4563 /* core.swift */; };
		A022BC4B1B16254762ED55B3 /* shared.udl in Sources */ = {isa = PBXBuildFile; fileRef = 8B8EC4C63F3ECC2B26BBAEC2 /* shared.udl */; };
		C26A1E5DDAB1ED32518E8F2A /* libshared_static.a in Frameworks */ = {isa = PBXBuildFile; fileRef = 2EA4D4AAE1A6C4D3400A9A06 /* libshared_static.a */; };
		D39A72610E7E3BD191DBDC06 /* SimpleCounterApp.swift in Sources */ = {isa = PBXBuildFile; fileRef = BF52C000453302D743B48803 /* SimpleCounterApp.swift */; };
/* End PBXBuildFile section */

/* Begin PBXBuildRule section */
		A7015E42CE7FE365402B3A57 /* PBXBuildRule */ = {
			isa = PBXBuildRule;
			compilerSpec = com.apple.compilers.proxy.script;
			filePatterns = "*.udl";
			fileType = pattern.proxy;
			inputFiles = (
			);
			isEditable = 1;
			name = "Generate FFI";
			outputFiles = (
				"$(PROJECT_DIR)/generated/$(INPUT_FILE_BASE).swift",
				"$(PROJECT_DIR)/generated/$(INPUT_FILE_BASE)FFI.h",
			);
			outputFilesCompilerFlags = (
			);
			runOncePerArchitecture = 0;
			script = "#!/bin/bash\nset -e\n\n# Skip during indexing phase in XCode 13+\nif [ \"$ACTION\" == \"indexbuild\" ]; then\n  echo \"Not building *.udl files during indexing.\"\n  exit 0\nfi\n\n# Skip for preview builds\nif [ \"$ENABLE_PREVIEWS\" = \"YES\" ]; then\n  echo \"Not building *.udl files during preview builds.\"\n  exit 0\nfi\n\ncd \"${INPUT_FILE_DIR}/..\"\n\"${BUILD_DIR}/debug/uniffi-bindgen\" generate \"src/${INPUT_FILE_NAME}\" --language swift --out-dir \"${PROJECT_DIR}/generated\"\n";
		};
/* End PBXBuildRule section */

/* Begin PBXContainerItemProxy section */
		4579D0264028B49513DBCDA5 /* PBXContainerItemProxy */ = {
			isa = PBXContainerItemProxy;
			containerPortal = 8EA6E09EE87596B896068D0E /* Shared */;
			proxyType = 1;
			remoteGlobalIDString = CA60ACD85ECB522D2C86E215;
			remoteInfo = "uniffi-bindgen-bin";
		};
		6EC78E6AA13637C891278065 /* PBXContainerItemProxy */ = {
			isa = PBXContainerItemProxy;
			containerPortal = 8EA6E09EE87596B896068D0E /* Shared */;
			proxyType = 2;
			remoteGlobalIDString = CA607A8B44DCFB09138082B7;
			remoteInfo = "shared-staticlib";
		};
		95A6826AEAE8F6F3B0B0F393 /* PBXContainerItemProxy */ = {
			isa = PBXContainerItemProxy;
			containerPortal = 8EA6E09EE87596B896068D0E /* Shared */;
			proxyType = 1;
			remoteGlobalIDString = CA607A8B44DC564A772C0BD1;
			remoteInfo = "shared-staticlib";
		};
		CCE0790C2AA1F71400CD4B57 /* PBXContainerItemProxy */ = {
			isa = PBXContainerItemProxy;
			containerPortal = 8EA6E09EE87596B896068D0E /* Shared */;
			proxyType = 2;
			remoteGlobalIDString = CA60D2B4E60D10F7F7FCAC5B;
			remoteInfo = "shared-cdylib";
		};
		EC190C8522C4065CF4E41954 /* PBXContainerItemProxy */ = {
			isa = PBXContainerItemProxy;
			containerPortal = 8EA6E09EE87596B896068D0E /* Shared */;
			proxyType = 2;
			remoteGlobalIDString = CA60ACD85ECB8109328FB0D5;
			remoteInfo = "uniffi-bindgen-bin";
		};
/* End PBXContainerItemProxy section */

/* Begin PBXFileReference section */
		1974E5BC3D6D22A1D5676B40 /* SimpleCounter.app */ = {isa = PBXFileReference; includeInIndex = 0; lastKnownFileType = wrapper.application; path = SimpleCounter.app; sourceTree = BUILT_PRODUCTS_DIR; };
		258EC994D7C693E3141C4563 /* core.swift */ = {isa = PBXFileReference; lastKnownFileType = sourcecode.swift; path = core.swift; sourceTree = "<group>"; };
		642CF26F4B57B0FF7348C6BF /* SharedTypes */ = {isa = PBXFileReference; lastKnownFileType = folder; name = SharedTypes; path = ../shared_types/generated/swift/SharedTypes; sourceTree = SOURCE_ROOT; };
		842F8D01CC76E9BFCDBD2862 /* ContentView.swift */ = {isa = PBXFileReference; lastKnownFileType = sourcecode.swift; path = ContentView.swift; sourceTree = "<group>"; };
		8B8EC4C63F3ECC2B26BBAEC2 /* shared.udl */ = {isa = PBXFileReference; lastKnownFileType = text; path = shared.udl; sourceTree = "<group>"; };
		8EA6E09EE87596B896068D0E /* Shared */ = {isa = PBXFileReference; lastKnownFileType = "wrapper.pb-project"; name = Shared; path = ../shared/shared.xcodeproj; sourceTree = "<group>"; };
		BF52C000453302D743B48803 /* SimpleCounterApp.swift */ = {isa = PBXFileReference; lastKnownFileType = sourcecode.swift; path = SimpleCounterApp.swift; sourceTree = "<group>"; };
		CF5BE0317D54587DCCF48AF4 /* Info.plist */ = {isa = PBXFileReference; lastKnownFileType = text.plist; path = Info.plist; sourceTree = "<group>"; };
/* End PBXFileReference section */

/* Begin PBXFrameworksBuildPhase section */
		593C7A3AEAC5E5C614E32E14 /* Frameworks */ = {
			isa = PBXFrameworksBuildPhase;
			buildActionMask = 2147483647;
			files = (
				C26A1E5DDAB1ED32518E8F2A /* libshared_static.a in Frameworks */,
				1989BD3C863A9FB37C889B6D /* SharedTypes in Frameworks */,
			);
			runOnlyForDeploymentPostprocessing = 0;
		};
/* End PBXFrameworksBuildPhase section */

/* Begin PBXGroup section */
		1B8911D02E90EF25A711F2BE = {
			isa = PBXGroup;
			children = (
				E551F092584A1E0A747C2BEB /* Packages */,
				E6F6A75B1B8366C3D868D1E4 /* SimpleCounter */,
				A58FEB50EA86B3FEA463FCF0 /* src */,
				D4D259F256E0F508B61E0EA9 /* Products */,
				B6068D7E9E67CAA3B5F4F827 /* Projects */,
			);
			sourceTree = "<group>";
		};
		64DA90BC973EE8B5939308C2 /* Products */ = {
			isa = PBXGroup;
			children = (
				2EA4D4AAE1A6C4D3400A9A06 /* libshared_static.a */,
				CCE0790D2AA1F71400CD4B57 /* shared.dylib */,
				E75E53B837C6A0E03FDCEC5A /* uniffi-bindgen */,
			);
			name = Products;
			sourceTree = "<group>";
		};
		A58FEB50EA86B3FEA463FCF0 /* src */ = {
			isa = PBXGroup;
			children = (
				8B8EC4C63F3ECC2B26BBAEC2 /* shared.udl */,
			);
			name = src;
			path = ../shared/src;
			sourceTree = "<group>";
		};
		B6068D7E9E67CAA3B5F4F827 /* Projects */ = {
			isa = PBXGroup;
			children = (
				8EA6E09EE87596B896068D0E /* Shared */,
			);
			name = Projects;
			sourceTree = "<group>";
		};
		D4D259F256E0F508B61E0EA9 /* Products */ = {
			isa = PBXGroup;
			children = (
				1974E5BC3D6D22A1D5676B40 /* SimpleCounter.app */,
			);
			name = Products;
			sourceTree = "<group>";
		};
		E551F092584A1E0A747C2BEB /* Packages */ = {
			isa = PBXGroup;
			children = (
				642CF26F4B57B0FF7348C6BF /* SharedTypes */,
			);
			name = Packages;
			sourceTree = SOURCE_ROOT;
		};
		E6F6A75B1B8366C3D868D1E4 /* SimpleCounter */ = {
			isa = PBXGroup;
			children = (
				842F8D01CC76E9BFCDBD2862 /* ContentView.swift */,
				258EC994D7C693E3141C4563 /* core.swift */,
				BF52C000453302D743B48803 /* SimpleCounterApp.swift */,
				CF5BE0317D54587DCCF48AF4 /* Info.plist */,
			);
			path = SimpleCounter;
			sourceTree = "<group>";
		};
/* End PBXGroup section */

/* Begin PBXNativeTarget section */
		8B6A9DC714EBBF344A0B8FE6 /* SimpleCounter */ = {
			isa = PBXNativeTarget;
			buildConfigurationList = 9E0AD7CAC5BB549B27CE41A2 /* Build configuration list for PBXNativeTarget "SimpleCounter" */;
			buildPhases = (
				478572120AF419B2ED7B1CD2 /* Sources */,
				46D7FA9B53241FD3DF2E5739 /* Resources */,
				593C7A3AEAC5E5C614E32E14 /* Frameworks */,
			);
			buildRules = (
				A7015E42CE7FE365402B3A57 /* PBXBuildRule */,
			);
			dependencies = (
				2FF352CA5059B90A12956273 /* PBXTargetDependency */,
				13F58E1E97508F177C3F567E /* PBXTargetDependency */,
			);
			name = SimpleCounter;
			packageProductDependencies = (
				ADFA4530638891CDAA6FCC5D /* SharedTypes */,
			);
			productName = SimpleCounter;
			productReference = 1974E5BC3D6D22A1D5676B40 /* SimpleCounter.app */;
			productType = "com.apple.product-type.application";
		};
/* End PBXNativeTarget section */

/* Begin PBXProject section */
		CD78CDD1885DDE8281AB8F8F /* Project object */ = {
			isa = PBXProject;
			attributes = {
				BuildIndependentTargetsInParallel = YES;
				LastUpgradeCheck = 1430;
			};
			buildConfigurationList = 2D6F50C7605F083A24BC32D1 /* Build configuration list for PBXProject "SimpleCounter" */;
			compatibilityVersion = "Xcode 14.0";
			developmentRegion = en;
			hasScannedForEncodings = 0;
			knownRegions = (
				Base,
				en,
			);
			mainGroup = 1B8911D02E90EF25A711F2BE;
			projectDirPath = "";
			projectReferences = (
				{
					ProductGroup = 64DA90BC973EE8B5939308C2 /* Products */;
					ProjectRef = 8EA6E09EE87596B896068D0E /* Shared */;
				},
			);
			projectRoot = "";
			targets = (
				8B6A9DC714EBBF344A0B8FE6 /* SimpleCounter */,
			);
		};
/* End PBXProject section */

/* Begin PBXReferenceProxy section */
		2EA4D4AAE1A6C4D3400A9A06 /* libshared_static.a */ = {
			isa = PBXReferenceProxy;
			fileType = archive.ar;
			path = libshared_static.a;
			remoteRef = 6EC78E6AA13637C891278065 /* PBXContainerItemProxy */;
			sourceTree = BUILT_PRODUCTS_DIR;
		};
		CCE0790D2AA1F71400CD4B57 /* shared.dylib */ = {
			isa = PBXReferenceProxy;
			fileType = "compiled.mach-o.dylib";
			path = shared.dylib;
			remoteRef = CCE0790C2AA1F71400CD4B57 /* PBXContainerItemProxy */;
			sourceTree = BUILT_PRODUCTS_DIR;
		};
		E75E53B837C6A0E03FDCEC5A /* uniffi-bindgen */ = {
			isa = PBXReferenceProxy;
			fileType = "compiled.mach-o.executable";
			path = "uniffi-bindgen";
			remoteRef = EC190C8522C4065CF4E41954 /* PBXContainerItemProxy */;
			sourceTree = BUILT_PRODUCTS_DIR;
		};
/* End PBXReferenceProxy section */

/* Begin PBXResourcesBuildPhase section */
		46D7FA9B53241FD3DF2E5739 /* Resources */ = {
			isa = PBXResourcesBuildPhase;
			buildActionMask = 2147483647;
			files = (
				2AD69AC61D674BB2BC300FC2 /* uniffi-bindgen in Resources */,
			);
			runOnlyForDeploymentPostprocessing = 0;
		};
/* End PBXResourcesBuildPhase section */

/* Begin PBXSourcesBuildPhase section */
		478572120AF419B2ED7B1CD2 /* Sources */ = {
			isa = PBXSourcesBuildPhase;
			buildActionMask = 2147483647;
			files = (
				401EA3CBD0D2AD8D475C10AF /* ContentView.swift in Sources */,
				D39A72610E7E3BD191DBDC06 /* SimpleCounterApp.swift in Sources */,
				94DCD6C97BBC86B89673CA0E /* core.swift in Sources */,
				A022BC4B1B16254762ED55B3 /* shared.udl in Sources */,
			);
			runOnlyForDeploymentPostprocessing = 0;
		};
/* End PBXSourcesBuildPhase section */

/* Begin PBXTargetDependency section */
		13F58E1E97508F177C3F567E /* PBXTargetDependency */ = {
			isa = PBXTargetDependency;
			name = "shared-staticlib";
			targetProxy = 95A6826AEAE8F6F3B0B0F393 /* PBXContainerItemProxy */;
		};
		2FF352CA5059B90A12956273 /* PBXTargetDependency */ = {
			isa = PBXTargetDependency;
			name = "uniffi-bindgen-bin";
			targetProxy = 4579D0264028B49513DBCDA5 /* PBXContainerItemProxy */;
		};
/* End PBXTargetDependency section */

/* Begin XCBuildConfiguration section */
		38E9C57DFAFF962AE6CC44FE /* Debug */ = {
			isa = XCBuildConfiguration;
			buildSettings = {
				ASSETCATALOG_COMPILER_APPICON_NAME = AppIcon;
				CODE_SIGN_IDENTITY = "iPhone Developer";
				INFOPLIST_FILE = SimpleCounter/Info.plist;
				IPHONEOS_DEPLOYMENT_TARGET = 15.0;
				LD_RUNPATH_SEARCH_PATHS = (
					"$(inherited)",
					"@executable_path/Frameworks",
				);
				OTHER_LDFLAGS = (
					"-w",
					"-ObjC",
				);
				PRODUCT_BUNDLE_IDENTIFIER = com.example.simple_counter.SimpleCounter;
				SDKROOT = iphoneos;
				SWIFT_OBJC_BRIDGING_HEADER = generated/sharedFFI.h;
				TARGETED_DEVICE_FAMILY = "1,2";
			};
			name = Debug;
		};
		39E600C588D5780CE6402DF1 /* Release */ = {
			isa = XCBuildConfiguration;
			buildSettings = {
				ASSETCATALOG_COMPILER_APPICON_NAME = AppIcon;
				CODE_SIGN_IDENTITY = "iPhone Developer";
				INFOPLIST_FILE = SimpleCounter/Info.plist;
				IPHONEOS_DEPLOYMENT_TARGET = 15.0;
				LD_RUNPATH_SEARCH_PATHS = (
					"$(inherited)",
					"@executable_path/Frameworks",
				);
				OTHER_LDFLAGS = (
					"-w",
					"-ObjC",
				);
				PRODUCT_BUNDLE_IDENTIFIER = com.example.simple_counter.SimpleCounter;
				SDKROOT = iphoneos;
				SWIFT_OBJC_BRIDGING_HEADER = generated/sharedFFI.h;
				TARGETED_DEVICE_FAMILY = "1,2";
			};
			name = Release;
		};
		956B887BDAFF7104DDA08B86 /* Release */ = {
			isa = XCBuildConfiguration;
			buildSettings = {
				ALWAYS_SEARCH_USER_PATHS = NO;
				CLANG_ANALYZER_NONNULL = YES;
				CLANG_ANALYZER_NUMBER_OBJECT_CONVERSION = YES_AGGRESSIVE;
				CLANG_CXX_LANGUAGE_STANDARD = "gnu++14";
				CLANG_CXX_LIBRARY = "libc++";
				CLANG_ENABLE_MODULES = YES;
				CLANG_ENABLE_OBJC_ARC = YES;
				CLANG_ENABLE_OBJC_WEAK = YES;
				CLANG_WARN_BLOCK_CAPTURE_AUTORELEASING = YES;
				CLANG_WARN_BOOL_CONVERSION = YES;
				CLANG_WARN_COMMA = YES;
				CLANG_WARN_CONSTANT_CONVERSION = YES;
				CLANG_WARN_DEPRECATED_OBJC_IMPLEMENTATIONS = YES;
				CLANG_WARN_DIRECT_OBJC_ISA_USAGE = YES_ERROR;
				CLANG_WARN_DOCUMENTATION_COMMENTS = YES;
				CLANG_WARN_EMPTY_BODY = YES;
				CLANG_WARN_ENUM_CONVERSION = YES;
				CLANG_WARN_INFINITE_RECURSION = YES;
				CLANG_WARN_INT_CONVERSION = YES;
				CLANG_WARN_NON_LITERAL_NULL_CONVERSION = YES;
				CLANG_WARN_OBJC_IMPLICIT_RETAIN_SELF = YES;
				CLANG_WARN_OBJC_LITERAL_CONVERSION = YES;
				CLANG_WARN_OBJC_ROOT_CLASS = YES_ERROR;
				CLANG_WARN_QUOTED_INCLUDE_IN_FRAMEWORK_HEADER = YES;
				CLANG_WARN_RANGE_LOOP_ANALYSIS = YES;
				CLANG_WARN_STRICT_PROTOTYPES = YES;
				CLANG_WARN_SUSPICIOUS_MOVE = YES;
				CLANG_WARN_UNGUARDED_AVAILABILITY = YES_AGGRESSIVE;
				CLANG_WARN_UNREACHABLE_CODE = YES;
				CLANG_WARN__DUPLICATE_METHOD_MATCH = YES;
				COPY_PHASE_STRIP = NO;
				DEBUG_INFORMATION_FORMAT = "dwarf-with-dsym";
				ENABLE_NS_ASSERTIONS = NO;
				ENABLE_STRICT_OBJC_MSGSEND = YES;
				GCC_C_LANGUAGE_STANDARD = gnu11;
				GCC_NO_COMMON_BLOCKS = YES;
				GCC_WARN_64_TO_32_BIT_CONVERSION = YES;
				GCC_WARN_ABOUT_RETURN_TYPE = YES_ERROR;
				GCC_WARN_UNDECLARED_SELECTOR = YES;
				GCC_WARN_UNINITIALIZED_AUTOS = YES_AGGRESSIVE;
				GCC_WARN_UNUSED_FUNCTION = YES;
				GCC_WARN_UNUSED_VARIABLE = YES;
				MTL_ENABLE_DEBUG_INFO = NO;
				MTL_FAST_MATH = YES;
				PRODUCT_NAME = "$(TARGET_NAME)";
				SDKROOT = iphoneos;
				SWIFT_COMPILATION_MODE = wholemodule;
				SWIFT_OPTIMIZATION_LEVEL = "-O";
				SWIFT_VERSION = 5.0;
			};
			name = Release;
		};
		C945D4B7F010B5287F97D4A5 /* Debug */ = {
			isa = XCBuildConfiguration;
			buildSettings = {
				ALWAYS_SEARCH_USER_PATHS = NO;
				CLANG_ANALYZER_NONNULL = YES;
				CLANG_ANALYZER_NUMBER_OBJECT_CONVERSION = YES_AGGRESSIVE;
				CLANG_CXX_LANGUAGE_STANDARD = "gnu++14";
				CLANG_CXX_LIBRARY = "libc++";
				CLANG_ENABLE_MODULES = YES;
				CLANG_ENABLE_OBJC_ARC = YES;
				CLANG_ENABLE_OBJC_WEAK = YES;
				CLANG_WARN_BLOCK_CAPTURE_AUTORELEASING = YES;
				CLANG_WARN_BOOL_CONVERSION = YES;
				CLANG_WARN_COMMA = YES;
				CLANG_WARN_CONSTANT_CONVERSION = YES;
				CLANG_WARN_DEPRECATED_OBJC_IMPLEMENTATIONS = YES;
				CLANG_WARN_DIRECT_OBJC_ISA_USAGE = YES_ERROR;
				CLANG_WARN_DOCUMENTATION_COMMENTS = YES;
				CLANG_WARN_EMPTY_BODY = YES;
				CLANG_WARN_ENUM_CONVERSION = YES;
				CLANG_WARN_INFINITE_RECURSION = YES;
				CLANG_WARN_INT_CONVERSION = YES;
				CLANG_WARN_NON_LITERAL_NULL_CONVERSION = YES;
				CLANG_WARN_OBJC_IMPLICIT_RETAIN_SELF = YES;
				CLANG_WARN_OBJC_LITERAL_CONVERSION = YES;
				CLANG_WARN_OBJC_ROOT_CLASS = YES_ERROR;
				CLANG_WARN_QUOTED_INCLUDE_IN_FRAMEWORK_HEADER = YES;
				CLANG_WARN_RANGE_LOOP_ANALYSIS = YES;
				CLANG_WARN_STRICT_PROTOTYPES = YES;
				CLANG_WARN_SUSPICIOUS_MOVE = YES;
				CLANG_WARN_UNGUARDED_AVAILABILITY = YES_AGGRESSIVE;
				CLANG_WARN_UNREACHABLE_CODE = YES;
				CLANG_WARN__DUPLICATE_METHOD_MATCH = YES;
				COPY_PHASE_STRIP = NO;
				DEBUG_INFORMATION_FORMAT = dwarf;
				ENABLE_STRICT_OBJC_MSGSEND = YES;
				ENABLE_TESTABILITY = YES;
				GCC_C_LANGUAGE_STANDARD = gnu11;
				GCC_DYNAMIC_NO_PIC = NO;
				GCC_NO_COMMON_BLOCKS = YES;
				GCC_OPTIMIZATION_LEVEL = 0;
				GCC_PREPROCESSOR_DEFINITIONS = (
					"$(inherited)",
					"DEBUG=1",
				);
				GCC_WARN_64_TO_32_BIT_CONVERSION = YES;
				GCC_WARN_ABOUT_RETURN_TYPE = YES_ERROR;
				GCC_WARN_UNDECLARED_SELECTOR = YES;
				GCC_WARN_UNINITIALIZED_AUTOS = YES_AGGRESSIVE;
				GCC_WARN_UNUSED_FUNCTION = YES;
				GCC_WARN_UNUSED_VARIABLE = YES;
				MTL_ENABLE_DEBUG_INFO = INCLUDE_SOURCE;
				MTL_FAST_MATH = YES;
				ONLY_ACTIVE_ARCH = YES;
				PRODUCT_NAME = "$(TARGET_NAME)";
				SDKROOT = iphoneos;
				SWIFT_ACTIVE_COMPILATION_CONDITIONS = DEBUG;
				SWIFT_OPTIMIZATION_LEVEL = "-Onone";
				SWIFT_VERSION = 5.0;
			};
			name = Debug;
		};
/* End XCBuildConfiguration section */

/* Begin XCConfigurationList section */
		2D6F50C7605F083A24BC32D1 /* Build configuration list for PBXProject "SimpleCounter" */ = {
			isa = XCConfigurationList;
			buildConfigurations = (
				C945D4B7F010B5287F97D4A5 /* Debug */,
				956B887BDAFF7104DDA08B86 /* Release */,
			);
			defaultConfigurationIsVisible = 0;
			defaultConfigurationName = Debug;
		};
		9E0AD7CAC5BB549B27CE41A2 /* Build configuration list for PBXNativeTarget "SimpleCounter" */ = {
			isa = XCConfigurationList;
			buildConfigurations = (
				38E9C57DFAFF962AE6CC44FE /* Debug */,
				39E600C588D5780CE6402DF1 /* Release */,
			);
			defaultConfigurationIsVisible = 0;
			defaultConfigurationName = Debug;
		};
/* End XCConfigurationList section */

/* Begin XCSwiftPackageProductDependency section */
		ADFA4530638891CDAA6FCC5D /* SharedTypes */ = {
			isa = XCSwiftPackageProductDependency;
			productName = SharedTypes;
		};
/* End XCSwiftPackageProductDependency section */
	};
	rootObject = CD78CDD1885DDE8281AB8F8F /* Project object */;
}
